<?xml version="1.0" encoding="utf-8"?>
<Project ToolsVersion="4.0" xmlns="http://schemas.microsoft.com/developer/msbuild/2003">
  <ItemGroup>
    <Filter Include="MySQL">
      <UniqueIdentifier>{92272352-c2e9-47a9-a7cf-9d3260252fe1}</UniqueIdentifier>
    </Filter>
    <Filter Include="MySQL\Header Files">
      <UniqueIdentifier>{d7569098-818f-42cf-955e-778cefa26d2c}</UniqueIdentifier>
    </Filter>
    <Filter Include="MySQL\Source Files">
      <UniqueIdentifier>{abe33a7f-8005-49e6-975e-74f3d1dbe5f0}</UniqueIdentifier>
    </Filter>
    <Filter Include="_Suite">
      <UniqueIdentifier>{ec17685d-e4d4-493a-82ea-10bb4f4c3fda}</UniqueIdentifier>
    </Filter>
    <Filter Include="_Suite\Header Files">
      <UniqueIdentifier>{d0e04155-de50-4c8f-ab46-78ee761ba517}</UniqueIdentifier>
    </Filter>
    <Filter Include="_Suite\Source Files">
      <UniqueIdentifier>{66dfd391-fa88-4845-9a67-5b4dcc3ed690}</UniqueIdentifier>
    </Filter>
    <Filter Include="_Driver">
      <UniqueIdentifier>{efbd4271-382f-4f1b-bab7-4a607a662172}</UniqueIdentifier>
    </Filter>
    <Filter Include="_Driver\Source Files">
      <UniqueIdentifier>{2edef2c1-ea40-4f1b-ab14-85cd57f4fcbd}</UniqueIdentifier>
    </Filter>
  </ItemGroup>
  <ItemGroup>
    <ClInclude Include="src\MySQLTest.h">
      <Filter>MySQL\Header Files</Filter>
    </ClInclude>
    <ClInclude Include="src\SQLExecutor.h">
      <Filter>MySQL\Header Files</Filter>
    </ClInclude>
    <ClInclude Include="src\MySQLTestSuite.h">
      <Filter>_Suite\Header Files</Filter>
    </ClInclude>
  </ItemGroup>
  <ItemGroup>
    <ClCompile Include="src\MySQLTest.cpp">
      <Filter>MySQL\Source Files</Filter>
    </ClCompile>
    <ClCompile Include="src\SQLExecutor.cpp">
      <Filter>MySQL\Source Files</Filter>
    </ClCompile>
    <ClCompile Include="src\MySQLTestSuite.cpp">
      <Filter>_Suite\Source Files</Filter>
    </ClCompile>
    <ClCompile Include="src\Driver.cpp">
      <Filter>_Driver\Source Files</Filter>
    </ClCompile>
  </ItemGroup>
</Project>