<?xml version="1.0" encoding="utf-8"?>
<Project ToolsVersion="4.0" xmlns="http://schemas.microsoft.com/developer/msbuild/2003">
  <ItemGroup>
    <Filter Include="DataCore">
      <UniqueIdentifier>{ef0d416d-7666-46da-96fd-e0c141695ae9}</UniqueIdentifier>
    </Filter>
    <Filter Include="DataCore\Header Files">
      <UniqueIdentifier>{15ee07f1-7638-41e6-a1bc-30e89ef6137a}</UniqueIdentifier>
    </Filter>
    <Filter Include="DataCore\Source Files">
      <UniqueIdentifier>{61c42003-a98d-46ac-8fed-415d559a2f1a}</UniqueIdentifier>
    </Filter>
    <Filter Include="_Suite">
      <UniqueIdentifier>{4934a909-7205-4781-b0b6-b3b10e8c7b87}</UniqueIdentifier>
    </Filter>
    <Filter Include="_Suite\Header Files">
      <UniqueIdentifier>{1f62eac5-0eca-46f4-8dfe-f5b272d92446}</UniqueIdentifier>
    </Filter>
    <Filter Include="_Suite\Source Files">
      <UniqueIdentifier>{0e56cb95-c3d1-4aeb-bcfd-a4ec7f5da006}</UniqueIdentifier>
    </Filter>
    <Filter Include="_Driver">
      <UniqueIdentifier>{61f63631-fd83-43ca-8ada-d611361dbd6e}</UniqueIdentifier>
    </Filter>
    <Filter Include="_Driver\Source Files">
      <UniqueIdentifier>{6307efca-0d3c-4cc2-8ae3-04e410b2161f}</UniqueIdentifier>
    </Filter>
    <Filter Include="TestSession">
      <UniqueIdentifier>{6e65fcaa-13c5-4c15-9eaa-859e60f7693b}</UniqueIdentifier>
    </Filter>
    <Filter Include="TestSession\Header Files">
      <UniqueIdentifier>{8d327efe-9add-4964-897a-b7b92fd3978f}</UniqueIdentifier>
    </Filter>
    <Filter Include="TestSession\Source Files">
      <UniqueIdentifier>{2ce7888a-55cd-48ed-a694-e65d374e9808}</UniqueIdentifier>
    </Filter>
    <Filter Include="SessionPooling">
      <UniqueIdentifier>{fc30c332-f994-4d3a-85d4-fdd80e4446aa}</UniqueIdentifier>
    </Filter>
    <Filter Include="SessionPooling\Header Files">
      <UniqueIdentifier>{f74a0e5a-c0fc-4a55-9bef-539368f6f3a2}</UniqueIdentifier>
    </Filter>
    <Filter Include="SessionPooling\Source Files">
      <UniqueIdentifier>{1f629da6-4b9d-4d54-8983-aa5bb4f9eb63}</UniqueIdentifier>
    </Filter>
  </ItemGroup>
  <ItemGroup>
    <ClInclude Include="src\DataTest.h">
      <Filter>DataCore\Header Files</Filter>
    </ClInclude>
    <ClInclude Include="src\DataTestSuite.h">
      <Filter>_Suite\Header Files</Filter>
    </ClInclude>
    <ClInclude Include="src\Binder.h">
      <Filter>TestSession\Header Files</Filter>
    </ClInclude>
    <ClInclude Include="src\Connector.h">
      <Filter>TestSession\Header Files</Filter>
    </ClInclude>
    <ClInclude Include="src\Extractor.h">
      <Filter>TestSession\Header Files</Filter>
    </ClInclude>
    <ClInclude Include="src\Preparator.h">
      <Filter>TestSession\Header Files</Filter>
    </ClInclude>
    <ClInclude Include="src\SessionImpl.h">
      <Filter>TestSession\Header Files</Filter>
    </ClInclude>
    <ClInclude Include="src\TestStatementImpl.h">
      <Filter>TestSession\Header Files</Filter>
    </ClInclude>
    <ClInclude Include="src\SessionPoolTest.h">
      <Filter>SessionPooling\Header Files</Filter>
    </ClInclude>
  </ItemGroup>
  <ItemGroup>
    <ClCompile Include="src\DataTest.cpp">
      <Filter>DataCore\Source Files</Filter>
    </ClCompile>
    <ClCompile Include="src\DataTestSuite.cpp">
      <Filter>_Suite\Source Files</Filter>
    </ClCompile>
    <ClCompile Include="src\WinDriver.cpp">
      <Filter>_Driver\Source Files</Filter>
    </ClCompile>
    <ClCompile Include="src\Binder.cpp">
      <Filter>TestSession\Source Files</Filter>
    </ClCompile>
    <ClCompile Include="src\Connector.cpp">
      <Filter>TestSession\Source Files</Filter>
    </ClCompile>
    <ClCompile Include="src\Extractor.cpp">
      <Filter>TestSession\Source Files</Filter>
    </ClCompile>
    <ClCompile Include="src\Preparator.cpp">
      <Filter>TestSession\Source Files</Filter>
    </ClCompile>
    <ClCompile Include="src\SessionImpl.cpp">
      <Filter>TestSession\Source Files</Filter>
    </ClCompile>
    <ClCompile Include="src\TestStatementImpl.cpp">
      <Filter>TestSession\Source Files</Filter>
    </ClCompile>
    <ClCompile Include="src\SessionPoolTest.cpp">
      <Filter>SessionPooling\Source Files</Filter>
    </ClCompile>
  </ItemGroup>
</Project>