<?xml version="1.0" encoding="utf-8"?>
<Project ToolsVersion="4.0" xmlns="http://schemas.microsoft.com/developer/msbuild/2003">
  <ItemGroup>
    <Filter Include="Core">
      <UniqueIdentifier>{7b73f161-1c2f-47dd-986a-fcac97992bc7}</UniqueIdentifier>
    </Filter>
    <Filter Include="Core\Source Files">
      <UniqueIdentifier>{fd4977f3-11ba-49c0-8ee8-633892fbb799}</UniqueIdentifier>
    </Filter>
    <Filter Include="Core\Header Files">
      <UniqueIdentifier>{3c15efc6-3f8d-4116-92fe-cbcd35f8c4fd}</UniqueIdentifier>
    </Filter>
    <Filter Include="Streams">
      <UniqueIdentifier>{970abe60-040b-4001-9005-3a4d44b2c364}</UniqueIdentifier>
    </Filter>
    <Filter Include="Streams\Source Files">
      <UniqueIdentifier>{9fc52d48-deb1-4504-a06b-a3bee40f7f20}</UniqueIdentifier>
    </Filter>
    <Filter Include="Streams\Header Files">
      <UniqueIdentifier>{75e01217-ab89-4055-8718-463bd82aeba1}</UniqueIdentifier>
    </Filter>
    <Filter Include="Streams\zlib">
      <UniqueIdentifier>{89edf49e-a207-4dbd-8b6e-0035b6ba6254}</UniqueIdentifier>
    </Filter>
    <Filter Include="Threading">
      <UniqueIdentifier>{01c5db63-2432-4ce3-9cfd-a664c57364e0}</UniqueIdentifier>
    </Filter>
    <Filter Include="Threading\Source Files">
      <UniqueIdentifier>{598cd60f-6b77-4194-8e99-d46c2377ecb7}</UniqueIdentifier>
    </Filter>
    <Filter Include="Threading\Header Files">
      <UniqueIdentifier>{4f95d0ae-a2b2-491c-8f30-7ddc752abb02}</UniqueIdentifier>
    </Filter>
    <Filter Include="Crypt">
      <UniqueIdentifier>{cd74d937-19f2-4f84-8235-2de636793d10}</UniqueIdentifier>
    </Filter>
    <Filter Include="Crypt\Source Files">
      <UniqueIdentifier>{42aac432-6cc1-4143-b149-3c788aa24565}</UniqueIdentifier>
    </Filter>
    <Filter Include="Crypt\Header Files">
      <UniqueIdentifier>{70e1968e-74fc-4a01-8187-6c11dc369232}</UniqueIdentifier>
    </Filter>
    <Filter Include="SharedLibrary">
      <UniqueIdentifier>{4601e8ef-e1b7-4c81-bd5a-5def889498bd}</UniqueIdentifier>
    </Filter>
    <Filter Include="SharedLibrary\Source Files">
      <UniqueIdentifier>{5dc79d0c-a53a-4b32-9868-e2f103f8c87b}</UniqueIdentifier>
    </Filter>
    <Filter Include="SharedLibrary\Header Files">
      <UniqueIdentifier>{cf645b33-b6fe-40b0-b208-0c77a76885a1}</UniqueIdentifier>
    </Filter>
    <Filter Include="RegularExpression">
      <UniqueIdentifier>{9b68aff9-3620-46b9-a1e8-d22959fbe3df}</UniqueIdentifier>
    </Filter>
    <Filter Include="RegularExpression\PCRE Header Files">
      <UniqueIdentifier>{7ff290ed-7ba1-40e1-883a-1500955b3151}</UniqueIdentifier>
    </Filter>
    <Filter Include="RegularExpression\Source Files">
      <UniqueIdentifier>{a91b7585-0c34-4347-b4f3-523073a78f56}</UniqueIdentifier>
    </Filter>
    <Filter Include="RegularExpression\Header Files">
      <UniqueIdentifier>{76e836ac-3228-42af-a07b-7700a856019e}</UniqueIdentifier>
    </Filter>
    <Filter Include="RegularExpression\PCRE Source Files">
      <UniqueIdentifier>{a8a62872-206f-4982-9ae9-9ee02246bb7b}</UniqueIdentifier>
    </Filter>
    <Filter Include="Logging">
      <UniqueIdentifier>{ccc62ff0-5a17-412f-81c4-52529371dc57}</UniqueIdentifier>
    </Filter>
    <Filter Include="Logging\Source Files">
      <UniqueIdentifier>{f30e5b2f-bb18-424f-a6fa-302110b2ca05}</UniqueIdentifier>
    </Filter>
    <Filter Include="Logging\Header Files">
      <UniqueIdentifier>{96856fd8-b2bd-44f0-997a-685f19a7746f}</UniqueIdentifier>
    </Filter>
    <Filter Include="Logging\Message Files">
      <UniqueIdentifier>{1cf78b44-d34f-4aeb-9586-784f4bec9ac0}</UniqueIdentifier>
    </Filter>
    <Filter Include="Logging\Resource Files">
      <UniqueIdentifier>{18560d3c-cb93-4a21-9f62-45d9b01652bb}</UniqueIdentifier>
    </Filter>
    <Filter Include="Notifications">
      <UniqueIdentifier>{a3c62f5c-73c3-431a-a952-ca2889cbe387}</UniqueIdentifier>
    </Filter>
    <Filter Include="Notifications\Source Files">
      <UniqueIdentifier>{c20e44eb-c45b-4838-af68-c1566f8a0e34}</UniqueIdentifier>
    </Filter>
    <Filter Include="Notifications\Header Files">
      <UniqueIdentifier>{18a5d073-3ff6-4f3c-8a80-a6af2ccb1daa}</UniqueIdentifier>
    </Filter>
    <Filter Include="Filesystem">
      <UniqueIdentifier>{9853a4c7-3cb1-4f7d-995f-e42056d8ed7a}</UniqueIdentifier>
    </Filter>
    <Filter Include="Filesystem\Source Files">
      <UniqueIdentifier>{43a8a68c-6e48-45bb-aa1d-cc47e4466e7c}</UniqueIdentifier>
    </Filter>
    <Filter Include="Filesystem\Header Files">
      <UniqueIdentifier>{ecb01473-8eae-4f6b-b777-f0f076234c1c}</UniqueIdentifier>
    </Filter>
    <Filter Include="Processes">
      <UniqueIdentifier>{3ff32a21-5f37-4a3d-9498-2243fe01a5be}</UniqueIdentifier>
    </Filter>
    <Filter Include="Processes\Source Files">
      <UniqueIdentifier>{c13eea58-e7fe-46c3-8ae8-c5165ff117d4}</UniqueIdentifier>
    </Filter>
    <Filter Include="Processes\Header Files">
      <UniqueIdentifier>{1f9f7a87-e80c-4646-9aab-f827b4e761ed}</UniqueIdentifier>
    </Filter>
    <Filter Include="UUID">
      <UniqueIdentifier>{0df27cf6-cabf-42b1-ba49-72254f6a5d74}</UniqueIdentifier>
    </Filter>
    <Filter Include="UUID\Source Files">
      <UniqueIdentifier>{e97cd090-02c2-4e2a-9a3b-88f8aca22401}</UniqueIdentifier>
    </Filter>
    <Filter Include="UUID\Header Files">
      <UniqueIdentifier>{ed426155-029e-4bb0-9cd5-657a266b5fb1}</UniqueIdentifier>
    </Filter>
    <Filter Include="DateTime">
      <UniqueIdentifier>{220eaae2-f952-4282-894b-e38d6318024a}</UniqueIdentifier>
    </Filter>
    <Filter Include="DateTime\Source Files">
      <UniqueIdentifier>{b337e26f-1447-40eb-be17-1a9845c453cb}</UniqueIdentifier>
    </Filter>
    <Filter Include="DateTime\Header Files">
      <UniqueIdentifier>{2063a032-6a16-4d30-8a9f-b84cabfeec9c}</UniqueIdentifier>
    </Filter>
    <Filter Include="Text">
      <UniqueIdentifier>{64f62533-8d4c-4f99-87e8-49b054a3c8ee}</UniqueIdentifier>
    </Filter>
    <Filter Include="Text\Source Files">
      <UniqueIdentifier>{50a6b882-22ee-4814-82d3-0ffc83e0ca51}</UniqueIdentifier>
    </Filter>
    <Filter Include="Text\Header Files">
      <UniqueIdentifier>{6cbb32d0-8fe6-4c1a-855e-74e7eba577c8}</UniqueIdentifier>
    </Filter>
    <Filter Include="URI">
      <UniqueIdentifier>{fa93472c-dffd-4a8c-9252-2711e935f3c9}</UniqueIdentifier>
    </Filter>
    <Filter Include="URI\Source Files">
      <UniqueIdentifier>{5a7a7f17-364e-4208-9274-68f97bfaa821}</UniqueIdentifier>
    </Filter>
    <Filter Include="URI\Header Files">
      <UniqueIdentifier>{af520caf-a13b-4d29-ba34-cdce0bda4969}</UniqueIdentifier>
    </Filter>
    <Filter Include="Tasks">
      <UniqueIdentifier>{91abc8ae-e475-4db6-b51e-2c6c12fbe681}</UniqueIdentifier>
    </Filter>
    <Filter Include="Tasks\Source Files">
      <UniqueIdentifier>{6cfa0113-1d74-463f-8ed1-717cfb6e07d3}</UniqueIdentifier>
    </Filter>
    <Filter Include="Tasks\Header Files">
      <UniqueIdentifier>{7ac43165-31f6-4d5b-863b-b19d093d49e3}</UniqueIdentifier>
    </Filter>
    <Filter Include="Events">
      <UniqueIdentifier>{0cec8faa-eeb5-4028-a40f-a727d9cbb11c}</UniqueIdentifier>
    </Filter>
    <Filter Include="Events\Header Files">
      <UniqueIdentifier>{b10362af-6695-4d5c-91fc-54777d860eea}</UniqueIdentifier>
    </Filter>
    <Filter Include="Events\Source Files">
      <UniqueIdentifier>{f3c4c933-0a93-4294-98b8-6148b05e2fba}</UniqueIdentifier>
    </Filter>
    <Filter Include="Cache">
      <UniqueIdentifier>{59fecaab-a90e-43b7-a4bb-0c7cceb8bc3e}</UniqueIdentifier>
    </Filter>
    <Filter Include="Cache\Header Files">
      <UniqueIdentifier>{41d1f5eb-6a9a-49df-a76b-ea90c95ae3e6}</UniqueIdentifier>
    </Filter>
    <Filter Include="Cache\Source Files">
      <UniqueIdentifier>{c8ec91a2-95c3-466b-98d9-23bbd7eda78d}</UniqueIdentifier>
    </Filter>
    <Filter Include="Hashing">
      <UniqueIdentifier>{bf1eb4e7-9eb8-46f0-b8af-60e681b0b754}</UniqueIdentifier>
    </Filter>
    <Filter Include="Hashing\Header Files">
      <UniqueIdentifier>{7a130015-0634-4780-a786-b6e40c2d08b2}</UniqueIdentifier>
    </Filter>
    <Filter Include="Hashing\Source Files">
      <UniqueIdentifier>{a761796d-87bc-4a02-bc26-5523de9da8cd}</UniqueIdentifier>
    </Filter>
    <Filter Include="Dynamic">
      <UniqueIdentifier>{09caf8df-aaf5-4a5d-8d73-f63e46d53545}</UniqueIdentifier>
    </Filter>
    <Filter Include="Dynamic\Header Files">
      <UniqueIdentifier>{b2305e99-4701-4945-a39c-bb99a2acbbe0}</UniqueIdentifier>
    </Filter>
    <Filter Include="Dynamic\Source Files">
      <UniqueIdentifier>{aeac0354-9689-41bb-b0b3-f031b9c0cc4b}</UniqueIdentifier>
    </Filter>
  </ItemGroup>
  <ItemGroup>
    <ClCompile Include="src\Ascii.cpp">
      <Filter>Core\Source Files</Filter>
    </ClCompile>
    <ClCompile Include="src\AtomicCounter.cpp">
      <Filter>Core\Source Files</Filter>
    </ClCompile>
    <ClCompile Include="src\Bugcheck.cpp">
      <Filter>Core\Source Files</Filter>
    </ClCompile>
    <ClCompile Include="src\ByteOrder.cpp">
      <Filter>Core\Source Files</Filter>
    </ClCompile>
    <ClCompile Include="src\Checksum.cpp">
      <Filter>Core\Source Files</Filter>
    </ClCompile>
    <ClCompile Include="src\Debugger.cpp">
      <Filter>Core\Source Files</Filter>
    </ClCompile>
    <ClCompile Include="src\DirectoryIteratorStrategy.cpp">
      <Filter>Core\Source Files</Filter>
    </ClCompile>
    <ClCompile Include="src\Environment.cpp">
      <Filter>Core\Source Files</Filter>
    </ClCompile>
    <ClCompile Include="src\Environment_UNIX.cpp">
      <Filter>Core\Source Files</Filter>
    </ClCompile>
    <ClCompile Include="src\Environment_WIN32.cpp">
      <Filter>Core\Source Files</Filter>
    </ClCompile>
    <ClCompile Include="src\Environment_WIN32U.cpp">
      <Filter>Core\Source Files</Filter>
    </ClCompile>
    <ClCompile Include="src\Error.cpp">
      <Filter>Core\Source Files</Filter>
    </ClCompile>
    <ClCompile Include="src\Exception.cpp">
      <Filter>Core\Source Files</Filter>
    </ClCompile>
    <ClCompile Include="src\Format.cpp">
      <Filter>Core\Source Files</Filter>
    </ClCompile>
    <ClCompile Include="src\FPEnvironment.cpp">
      <Filter>Core\Source Files</Filter>
    </ClCompile>
    <ClCompile Include="src\FPEnvironment_C99.cpp">
      <Filter>Core\Source Files</Filter>
    </ClCompile>
    <ClCompile Include="src\FPEnvironment_DEC.cpp">
      <Filter>Core\Source Files</Filter>
    </ClCompile>
    <ClCompile Include="src\FPEnvironment_DUMMY.cpp">
      <Filter>Core\Source Files</Filter>
    </ClCompile>
    <ClCompile Include="src\FPEnvironment_SUN.cpp">
      <Filter>Core\Source Files</Filter>
    </ClCompile>
    <ClCompile Include="src\FPEnvironment_WIN32.cpp">
      <Filter>Core\Source Files</Filter>
    </ClCompile>
    <ClCompile Include="src\JSONString.cpp">
      <Filter>Core\Source Files</Filter>
    </ClCompile>
    <ClCompile Include="src\MemoryPool.cpp">
      <Filter>Core\Source Files</Filter>
    </ClCompile>
    <ClCompile Include="src\NestedDiagnosticContext.cpp">
      <Filter>Core\Source Files</Filter>
    </ClCompile>
    <ClCompile Include="src\NumberFormatter.cpp">
      <Filter>Core\Source Files</Filter>
    </ClCompile>
    <ClCompile Include="src\NumberParser.cpp">
      <Filter>Core\Source Files</Filter>
    </ClCompile>
    <ClCompile Include="src\NumericString.cpp">
      <Filter>Core\Source Files</Filter>
    </ClCompile>
    <ClCompile Include="src\RefCountedObject.cpp">
      <Filter>Core\Source Files</Filter>
    </ClCompile>
    <ClCompile Include="src\SortedDirectoryIterator.cpp">
      <Filter>Core\Source Files</Filter>
    </ClCompile>
    <ClCompile Include="src\String.cpp">
      <Filter>Core\Source Files</Filter>
    </ClCompile>
    <ClCompile Include="src\StringTokenizer.cpp">
      <Filter>Core\Source Files</Filter>
    </ClCompile>
    <ClCompile Include="src\Void.cpp">
      <Filter>Core\Source Files</Filter>
    </ClCompile>
    <ClCompile Include="src\Base32Decoder.cpp">
      <Filter>Streams\Source Files</Filter>
    </ClCompile>
    <ClCompile Include="src\Base32Encoder.cpp">
      <Filter>Streams\Source Files</Filter>
    </ClCompile>
    <ClCompile Include="src\Base64Decoder.cpp">
      <Filter>Streams\Source Files</Filter>
    </ClCompile>
    <ClCompile Include="src\Base64Encoder.cpp">
      <Filter>Streams\Source Files</Filter>
    </ClCompile>
    <ClCompile Include="src\BinaryReader.cpp">
      <Filter>Streams\Source Files</Filter>
    </ClCompile>
    <ClCompile Include="src\BinaryWriter.cpp">
      <Filter>Streams\Source Files</Filter>
    </ClCompile>
    <ClCompile Include="src\CountingStream.cpp">
      <Filter>Streams\Source Files</Filter>
    </ClCompile>
    <ClCompile Include="src\DeflatingStream.cpp">
      <Filter>Streams\Source Files</Filter>
    </ClCompile>
    <ClCompile Include="src\FIFOBufferStream.cpp">
      <Filter>Streams\Source Files</Filter>
    </ClCompile>
    <ClCompile Include="src\FileStream.cpp">
      <Filter>Streams\Source Files</Filter>
    </ClCompile>
    <ClCompile Include="src\FileStream_POSIX.cpp">
      <Filter>Streams\Source Files</Filter>
    </ClCompile>
    <ClCompile Include="src\FileStream_WIN32.cpp">
      <Filter>Streams\Source Files</Filter>
    </ClCompile>
    <ClCompile Include="src\HexBinaryDecoder.cpp">
      <Filter>Streams\Source Files</Filter>
    </ClCompile>
    <ClCompile Include="src\HexBinaryEncoder.cpp">
      <Filter>Streams\Source Files</Filter>
    </ClCompile>
    <ClCompile Include="src\InflatingStream.cpp">
      <Filter>Streams\Source Files</Filter>
    </ClCompile>
    <ClCompile Include="src\LineEndingConverter.cpp">
      <Filter>Streams\Source Files</Filter>
    </ClCompile>
    <ClCompile Include="src\MemoryStream.cpp">
      <Filter>Streams\Source Files</Filter>
    </ClCompile>
    <ClCompile Include="src\NullStream.cpp">
      <Filter>Streams\Source Files</Filter>
    </ClCompile>
    <ClCompile Include="src\StreamCopier.cpp">
      <Filter>Streams\Source Files</Filter>
    </ClCompile>
    <ClCompile Include="src\StreamTokenizer.cpp">
      <Filter>Streams\Source Files</Filter>
    </ClCompile>
    <ClCompile Include="src\TeeStream.cpp">
      <Filter>Streams\Source Files</Filter>
    </ClCompile>
    <ClCompile Include="src\Token.cpp">
      <Filter>Streams\Source Files</Filter>
    </ClCompile>
    <ClCompile Include="src\adler32.c">
      <Filter>Streams\zlib</Filter>
    </ClCompile>
    <ClCompile Include="src\compress.c">
      <Filter>Streams\zlib</Filter>
    </ClCompile>
    <ClCompile Include="src\crc32.c">
      <Filter>Streams\zlib</Filter>
    </ClCompile>
    <ClCompile Include="src\deflate.c">
      <Filter>Streams\zlib</Filter>
    </ClCompile>
    <ClCompile Include="src\infback.c">
      <Filter>Streams\zlib</Filter>
    </ClCompile>
    <ClCompile Include="src\inffast.c">
      <Filter>Streams\zlib</Filter>
    </ClCompile>
    <ClCompile Include="src\inflate.c">
      <Filter>Streams\zlib</Filter>
    </ClCompile>
    <ClCompile Include="src\inftrees.c">
      <Filter>Streams\zlib</Filter>
    </ClCompile>
    <ClCompile Include="src\trees.c">
      <Filter>Streams\zlib</Filter>
    </ClCompile>
    <ClCompile Include="src\zutil.c">
      <Filter>Streams\zlib</Filter>
    </ClCompile>
    <ClCompile Include="src\ActiveDispatcher.cpp">
      <Filter>Threading\Source Files</Filter>
    </ClCompile>
    <ClCompile Include="src\Condition.cpp">
      <Filter>Threading\Source Files</Filter>
    </ClCompile>
    <ClCompile Include="src\ErrorHandler.cpp">
      <Filter>Threading\Source Files</Filter>
    </ClCompile>
    <ClCompile Include="src\Event.cpp">
      <Filter>Threading\Source Files</Filter>
    </ClCompile>
    <ClCompile Include="src\Event_POSIX.cpp">
      <Filter>Threading\Source Files</Filter>
    </ClCompile>
    <ClCompile Include="src\Event_WIN32.cpp">
      <Filter>Threading\Source Files</Filter>
    </ClCompile>
    <ClCompile Include="src\Mutex.cpp">
      <Filter>Threading\Source Files</Filter>
    </ClCompile>
    <ClCompile Include="src\Mutex_POSIX.cpp">
      <Filter>Threading\Source Files</Filter>
    </ClCompile>
    <ClCompile Include="src\Mutex_WIN32.cpp">
      <Filter>Threading\Source Files</Filter>
    </ClCompile>
    <ClCompile Include="src\Runnable.cpp">
      <Filter>Threading\Source Files</Filter>
    </ClCompile>
    <ClCompile Include="src\RWLock.cpp">
      <Filter>Threading\Source Files</Filter>
    </ClCompile>
    <ClCompile Include="src\RWLock_POSIX.cpp">
      <Filter>Threading\Source Files</Filter>
    </ClCompile>
    <ClCompile Include="src\RWLock_WIN32.cpp">
      <Filter>Threading\Source Files</Filter>
    </ClCompile>
    <ClCompile Include="src\Semaphore.cpp">
      <Filter>Threading\Source Files</Filter>
    </ClCompile>
    <ClCompile Include="src\Semaphore_POSIX.cpp">
      <Filter>Threading\Source Files</Filter>
    </ClCompile>
    <ClCompile Include="src\Semaphore_WIN32.cpp">
      <Filter>Threading\Source Files</Filter>
    </ClCompile>
    <ClCompile Include="src\SignalHandler.cpp">
      <Filter>Threading\Source Files</Filter>
    </ClCompile>
    <ClCompile Include="src\SynchronizedObject.cpp">
      <Filter>Threading\Source Files</Filter>
    </ClCompile>
    <ClCompile Include="src\Thread.cpp">
      <Filter>Threading\Source Files</Filter>
    </ClCompile>
    <ClCompile Include="src\Thread_POSIX.cpp">
      <Filter>Threading\Source Files</Filter>
    </ClCompile>
    <ClCompile Include="src\Thread_WIN32.cpp">
      <Filter>Threading\Source Files</Filter>
    </ClCompile>
    <ClCompile Include="src\ThreadLocal.cpp">
      <Filter>Threading\Source Files</Filter>
    </ClCompile>
    <ClCompile Include="src\ThreadPool.cpp">
      <Filter>Threading\Source Files</Filter>
    </ClCompile>
    <ClCompile Include="src\ThreadTarget.cpp">
      <Filter>Threading\Source Files</Filter>
    </ClCompile>
    <ClCompile Include="src\Timer.cpp">
      <Filter>Threading\Source Files</Filter>
    </ClCompile>
    <ClCompile Include="src\DigestEngine.cpp">
      <Filter>Crypt\Source Files</Filter>
    </ClCompile>
    <ClCompile Include="src\DigestStream.cpp">
      <Filter>Crypt\Source Files</Filter>
    </ClCompile>
    <ClCompile Include="src\MD4Engine.cpp">
      <Filter>Crypt\Source Files</Filter>
    </ClCompile>
    <ClCompile Include="src\MD5Engine.cpp">
      <Filter>Crypt\Source Files</Filter>
    </ClCompile>
    <ClCompile Include="src\Random.cpp">
      <Filter>Crypt\Source Files</Filter>
    </ClCompile>
    <ClCompile Include="src\RandomStream.cpp">
      <Filter>Crypt\Source Files</Filter>
    </ClCompile>
    <ClCompile Include="src\SHA1Engine.cpp">
      <Filter>Crypt\Source Files</Filter>
    </ClCompile>
    <ClCompile Include="src\Manifest.cpp">
      <Filter>SharedLibrary\Source Files</Filter>
    </ClCompile>
    <ClCompile Include="src\SharedLibrary.cpp">
      <Filter>SharedLibrary\Source Files</Filter>
    </ClCompile>
    <ClCompile Include="src\SharedLibrary_HPUX.cpp">
      <Filter>SharedLibrary\Source Files</Filter>
    </ClCompile>
    <ClCompile Include="src\SharedLibrary_UNIX.cpp">
      <Filter>SharedLibrary\Source Files</Filter>
    </ClCompile>
    <ClCompile Include="src\SharedLibrary_WIN32.cpp">
      <Filter>SharedLibrary\Source Files</Filter>
    </ClCompile>
    <ClCompile Include="src\SharedLibrary_WIN32U.cpp">
      <Filter>SharedLibrary\Source Files</Filter>
    </ClCompile>
    <ClCompile Include="src\RegularExpression.cpp">
      <Filter>RegularExpression\Source Files</Filter>
    </ClCompile>
    <ClCompile Include="src\pcre_byte_order.c">
      <Filter>RegularExpression\PCRE Source Files</Filter>
    </ClCompile>
    <ClCompile Include="src\pcre_chartables.c">
      <Filter>RegularExpression\PCRE Source Files</Filter>
    </ClCompile>
    <ClCompile Include="src\pcre_compile.c">
      <Filter>RegularExpression\PCRE Source Files</Filter>
    </ClCompile>
    <ClCompile Include="src\pcre_config.c">
      <Filter>RegularExpression\PCRE Source Files</Filter>
    </ClCompile>
    <ClCompile Include="src\pcre_dfa_exec.c">
      <Filter>RegularExpression\PCRE Source Files</Filter>
    </ClCompile>
    <ClCompile Include="src\pcre_exec.c">
      <Filter>RegularExpression\PCRE Source Files</Filter>
    </ClCompile>
    <ClCompile Include="src\pcre_fullinfo.c">
      <Filter>RegularExpression\PCRE Source Files</Filter>
    </ClCompile>
    <ClCompile Include="src\pcre_get.c">
      <Filter>RegularExpression\PCRE Source Files</Filter>
    </ClCompile>
    <ClCompile Include="src\pcre_globals.c">
      <Filter>RegularExpression\PCRE Source Files</Filter>
    </ClCompile>
    <ClCompile Include="src\pcre_jit_compile.c">
      <Filter>RegularExpression\PCRE Source Files</Filter>
    </ClCompile>
    <ClCompile Include="src\pcre_maketables.c">
      <Filter>RegularExpression\PCRE Source Files</Filter>
    </ClCompile>
    <ClCompile Include="src\pcre_newline.c">
      <Filter>RegularExpression\PCRE Source Files</Filter>
    </ClCompile>
    <ClCompile Include="src\pcre_ord2utf8.c">
      <Filter>RegularExpression\PCRE Source Files</Filter>
    </ClCompile>
    <ClCompile Include="src\pcre_refcount.c">
      <Filter>RegularExpression\PCRE Source Files</Filter>
    </ClCompile>
    <ClCompile Include="src\pcre_string_utils.c">
      <Filter>RegularExpression\PCRE Source Files</Filter>
    </ClCompile>
    <ClCompile Include="src\pcre_study.c">
      <Filter>RegularExpression\PCRE Source Files</Filter>
    </ClCompile>
    <ClCompile Include="src\pcre_tables.c">
      <Filter>RegularExpression\PCRE Source Files</Filter>
    </ClCompile>
    <ClCompile Include="src\pcre_ucd.c">
      <Filter>RegularExpression\PCRE Source Files</Filter>
    </ClCompile>
    <ClCompile Include="src\pcre_valid_utf8.c">
      <Filter>RegularExpression\PCRE Source Files</Filter>
    </ClCompile>
    <ClCompile Include="src\pcre_version.c">
      <Filter>RegularExpression\PCRE Source Files</Filter>
    </ClCompile>
    <ClCompile Include="src\pcre_xclass.c">
      <Filter>RegularExpression\PCRE Source Files</Filter>
    </ClCompile>
    <ClCompile Include="src\ArchiveStrategy.cpp">
      <Filter>Logging\Source Files</Filter>
    </ClCompile>
    <ClCompile Include="src\AsyncChannel.cpp">
      <Filter>Logging\Source Files</Filter>
    </ClCompile>
    <ClCompile Include="src\Channel.cpp">
      <Filter>Logging\Source Files</Filter>
    </ClCompile>
    <ClCompile Include="src\Configurable.cpp">
      <Filter>Logging\Source Files</Filter>
    </ClCompile>
    <ClCompile Include="src\ConsoleChannel.cpp">
      <Filter>Logging\Source Files</Filter>
    </ClCompile>
    <ClCompile Include="src\EventChannel.cpp">
      <Filter>Logging\Source Files</Filter>
    </ClCompile>
    <ClCompile Include="src\EventLogChannel.cpp">
      <Filter>Logging\Source Files</Filter>
    </ClCompile>
    <ClCompile Include="src\FileChannel.cpp">
      <Filter>Logging\Source Files</Filter>
    </ClCompile>
    <ClCompile Include="src\Formatter.cpp">
      <Filter>Logging\Source Files</Filter>
    </ClCompile>
    <ClCompile Include="src\FormattingChannel.cpp">
      <Filter>Logging\Source Files</Filter>
    </ClCompile>
    <ClCompile Include="src\LogFile.cpp">
      <Filter>Logging\Source Files</Filter>
    </ClCompile>
    <ClCompile Include="src\LogFile_STD.cpp">
      <Filter>Logging\Source Files</Filter>
    </ClCompile>
    <ClCompile Include="src\LogFile_WIN32.cpp">
      <Filter>Logging\Source Files</Filter>
    </ClCompile>
    <ClCompile Include="src\LogFile_WIN32U.cpp">
      <Filter>Logging\Source Files</Filter>
    </ClCompile>
    <ClCompile Include="src\Logger.cpp">
      <Filter>Logging\Source Files</Filter>
    </ClCompile>
    <ClCompile Include="src\LoggingFactory.cpp">
      <Filter>Logging\Source Files</Filter>
    </ClCompile>
    <ClCompile Include="src\LoggingRegistry.cpp">
      <Filter>Logging\Source Files</Filter>
    </ClCompile>
    <ClCompile Include="src\LogStream.cpp">
      <Filter>Logging\Source Files</Filter>
    </ClCompile>
    <ClCompile Include="src\Message.cpp">
      <Filter>Logging\Source Files</Filter>
    </ClCompile>
    <ClCompile Include="src\NullChannel.cpp">
      <Filter>Logging\Source Files</Filter>
    </ClCompile>
    <ClCompile Include="src\PatternFormatter.cpp">
      <Filter>Logging\Source Files</Filter>
    </ClCompile>
    <ClCompile Include="src\PurgeStrategy.cpp">
      <Filter>Logging\Source Files</Filter>
    </ClCompile>
    <ClCompile Include="src\RotateStrategy.cpp">
      <Filter>Logging\Source Files</Filter>
    </ClCompile>
    <ClCompile Include="src\SimpleFileChannel.cpp">
      <Filter>Logging\Source Files</Filter>
    </ClCompile>
    <ClCompile Include="src\SplitterChannel.cpp">
      <Filter>Logging\Source Files</Filter>
    </ClCompile>
    <ClCompile Include="src\StreamChannel.cpp">
      <Filter>Logging\Source Files</Filter>
    </ClCompile>
    <ClCompile Include="src\SyslogChannel.cpp">
      <Filter>Logging\Source Files</Filter>
    </ClCompile>
    <ClCompile Include="src\WindowsConsoleChannel.cpp">
      <Filter>Logging\Source Files</Filter>
    </ClCompile>
    <ClCompile Include="src\AbstractObserver.cpp">
      <Filter>Notifications\Source Files</Filter>
    </ClCompile>
    <ClCompile Include="src\Notification.cpp">
      <Filter>Notifications\Source Files</Filter>
    </ClCompile>
    <ClCompile Include="src\NotificationCenter.cpp">
      <Filter>Notifications\Source Files</Filter>
    </ClCompile>
    <ClCompile Include="src\NotificationQueue.cpp">
      <Filter>Notifications\Source Files</Filter>
    </ClCompile>
    <ClCompile Include="src\PriorityNotificationQueue.cpp">
      <Filter>Notifications\Source Files</Filter>
    </ClCompile>
    <ClCompile Include="src\TimedNotificationQueue.cpp">
      <Filter>Notifications\Source Files</Filter>
    </ClCompile>
    <ClCompile Include="src\DirectoryIterator.cpp">
      <Filter>Filesystem\Source Files</Filter>
    </ClCompile>
    <ClCompile Include="src\DirectoryIterator_UNIX.cpp">
      <Filter>Filesystem\Source Files</Filter>
    </ClCompile>
    <ClCompile Include="src\DirectoryIterator_WIN32.cpp">
      <Filter>Filesystem\Source Files</Filter>
    </ClCompile>
    <ClCompile Include="src\DirectoryIterator_WIN32U.cpp">
      <Filter>Filesystem\Source Files</Filter>
    </ClCompile>
    <ClCompile Include="src\DirectoryWatcher.cpp">
      <Filter>Filesystem\Source Files</Filter>
    </ClCompile>
    <ClCompile Include="src\File.cpp">
      <Filter>Filesystem\Source Files</Filter>
    </ClCompile>
    <ClCompile Include="src\File_UNIX.cpp">
      <Filter>Filesystem\Source Files</Filter>
    </ClCompile>
    <ClCompile Include="src\File_WIN32.cpp">
      <Filter>Filesystem\Source Files</Filter>
    </ClCompile>
    <ClCompile Include="src\File_WIN32U.cpp">
      <Filter>Filesystem\Source Files</Filter>
    </ClCompile>
    <ClCompile Include="src\Glob.cpp">
      <Filter>Filesystem\Source Files</Filter>
    </ClCompile>
    <ClCompile Include="src\Path.cpp">
      <Filter>Filesystem\Source Files</Filter>
    </ClCompile>
    <ClCompile Include="src\Path_UNIX.cpp">
      <Filter>Filesystem\Source Files</Filter>
    </ClCompile>
    <ClCompile Include="src\Path_WIN32.cpp">
      <Filter>Filesystem\Source Files</Filter>
    </ClCompile>
    <ClCompile Include="src\Path_WIN32U.cpp">
      <Filter>Filesystem\Source Files</Filter>
    </ClCompile>
    <ClCompile Include="src\TemporaryFile.cpp">
      <Filter>Filesystem\Source Files</Filter>
    </ClCompile>
    <ClCompile Include="src\NamedEvent.cpp">
      <Filter>Processes\Source Files</Filter>
    </ClCompile>
    <ClCompile Include="src\NamedEvent_UNIX.cpp">
      <Filter>Processes\Source Files</Filter>
    </ClCompile>
    <ClCompile Include="src\NamedEvent_WIN32.cpp">
      <Filter>Processes\Source Files</Filter>
    </ClCompile>
    <ClCompile Include="src\NamedEvent_WIN32U.cpp">
      <Filter>Processes\Source Files</Filter>
    </ClCompile>
    <ClCompile Include="src\NamedMutex.cpp">
      <Filter>Processes\Source Files</Filter>
    </ClCompile>
    <ClCompile Include="src\NamedMutex_UNIX.cpp">
      <Filter>Processes\Source Files</Filter>
    </ClCompile>
    <ClCompile Include="src\NamedMutex_WIN32.cpp">
      <Filter>Processes\Source Files</Filter>
    </ClCompile>
    <ClCompile Include="src\NamedMutex_WIN32U.cpp">
      <Filter>Processes\Source Files</Filter>
    </ClCompile>
    <ClCompile Include="src\Pipe.cpp">
      <Filter>Processes\Source Files</Filter>
    </ClCompile>
    <ClCompile Include="src\PipeImpl.cpp">
      <Filter>Processes\Source Files</Filter>
    </ClCompile>
    <ClCompile Include="src\PipeImpl_DUMMY.cpp">
      <Filter>Processes\Source Files</Filter>
    </ClCompile>
    <ClCompile Include="src\PipeImpl_POSIX.cpp">
      <Filter>Processes\Source Files</Filter>
    </ClCompile>
    <ClCompile Include="src\PipeImpl_WIN32.cpp">
      <Filter>Processes\Source Files</Filter>
    </ClCompile>
    <ClCompile Include="src\PipeStream.cpp">
      <Filter>Processes\Source Files</Filter>
    </ClCompile>
    <ClCompile Include="src\Process.cpp">
      <Filter>Processes\Source Files</Filter>
    </ClCompile>
    <ClCompile Include="src\Process_UNIX.cpp">
      <Filter>Processes\Source Files</Filter>
    </ClCompile>
    <ClCompile Include="src\Process_WIN32.cpp">
      <Filter>Processes\Source Files</Filter>
    </ClCompile>
    <ClCompile Include="src\Process_WIN32U.cpp">
      <Filter>Processes\Source Files</Filter>
    </ClCompile>
    <ClCompile Include="src\SharedMemory.cpp">
      <Filter>Processes\Source Files</Filter>
    </ClCompile>
    <ClCompile Include="src\SharedMemory_DUMMY.cpp">
      <Filter>Processes\Source Files</Filter>
    </ClCompile>
    <ClCompile Include="src\SharedMemory_POSIX.cpp">
      <Filter>Processes\Source Files</Filter>
    </ClCompile>
    <ClCompile Include="src\SharedMemory_WIN32.cpp">
      <Filter>Processes\Source Files</Filter>
    </ClCompile>
    <ClCompile Include="src\UUID.cpp">
      <Filter>UUID\Source Files</Filter>
    </ClCompile>
    <ClCompile Include="src\UUIDGenerator.cpp">
      <Filter>UUID\Source Files</Filter>
    </ClCompile>
    <ClCompile Include="src\Clock.cpp">
      <Filter>DateTime\Source Files</Filter>
    </ClCompile>
    <ClCompile Include="src\DateTime.cpp">
      <Filter>DateTime\Source Files</Filter>
    </ClCompile>
    <ClCompile Include="src\DateTimeFormat.cpp">
      <Filter>DateTime\Source Files</Filter>
    </ClCompile>
    <ClCompile Include="src\DateTimeFormatter.cpp">
      <Filter>DateTime\Source Files</Filter>
    </ClCompile>
    <ClCompile Include="src\DateTimeParser.cpp">
      <Filter>DateTime\Source Files</Filter>
    </ClCompile>
    <ClCompile Include="src\LocalDateTime.cpp">
      <Filter>DateTime\Source Files</Filter>
    </ClCompile>
    <ClCompile Include="src\Stopwatch.cpp">
      <Filter>DateTime\Source Files</Filter>
    </ClCompile>
    <ClCompile Include="src\Timespan.cpp">
      <Filter>DateTime\Source Files</Filter>
    </ClCompile>
    <ClCompile Include="src\Timestamp.cpp">
      <Filter>DateTime\Source Files</Filter>
    </ClCompile>
    <ClCompile Include="src\Timezone.cpp">
      <Filter>DateTime\Source Files</Filter>
    </ClCompile>
    <ClCompile Include="src\Timezone_UNIX.cpp">
      <Filter>DateTime\Source Files</Filter>
    </ClCompile>
    <ClCompile Include="src\Timezone_WIN32.cpp">
      <Filter>DateTime\Source Files</Filter>
    </ClCompile>
    <ClCompile Include="src\ASCIIEncoding.cpp">
      <Filter>Text\Source Files</Filter>
    </ClCompile>
    <ClCompile Include="src\Latin1Encoding.cpp">
      <Filter>Text\Source Files</Filter>
    </ClCompile>
    <ClCompile Include="src\Latin2Encoding.cpp">
      <Filter>Text\Source Files</Filter>
    </ClCompile>
    <ClCompile Include="src\Latin9Encoding.cpp">
      <Filter>Text\Source Files</Filter>
    </ClCompile>
    <ClCompile Include="src\StreamConverter.cpp">
      <Filter>Text\Source Files</Filter>
    </ClCompile>
    <ClCompile Include="src\TextBufferIterator.cpp">
      <Filter>Text\Source Files</Filter>
    </ClCompile>
    <ClCompile Include="src\TextConverter.cpp">
      <Filter>Text\Source Files</Filter>
    </ClCompile>
    <ClCompile Include="src\TextEncoding.cpp">
      <Filter>Text\Source Files</Filter>
    </ClCompile>
    <ClCompile Include="src\TextIterator.cpp">
      <Filter>Text\Source Files</Filter>
    </ClCompile>
    <ClCompile Include="src\Unicode.cpp">
      <Filter>Text\Source Files</Filter>
    </ClCompile>
    <ClCompile Include="src\UnicodeConverter.cpp">
      <Filter>Text\Source Files</Filter>
    </ClCompile>
    <ClCompile Include="src\UTF16Encoding.cpp">
      <Filter>Text\Source Files</Filter>
    </ClCompile>
    <ClCompile Include="src\UTF32Encoding.cpp">
      <Filter>Text\Source Files</Filter>
    </ClCompile>
    <ClCompile Include="src\UTF8Encoding.cpp">
      <Filter>Text\Source Files</Filter>
    </ClCompile>
    <ClCompile Include="src\UTF8String.cpp">
      <Filter>Text\Source Files</Filter>
    </ClCompile>
    <ClCompile Include="src\Windows1250Encoding.cpp">
      <Filter>Text\Source Files</Filter>
    </ClCompile>
    <ClCompile Include="src\Windows1251Encoding.cpp">
      <Filter>Text\Source Files</Filter>
    </ClCompile>
    <ClCompile Include="src\Windows1252Encoding.cpp">
      <Filter>Text\Source Files</Filter>
    </ClCompile>
    <ClCompile Include="src\FileStreamFactory.cpp">
      <Filter>URI\Source Files</Filter>
    </ClCompile>
    <ClCompile Include="src\URI.cpp">
      <Filter>URI\Source Files</Filter>
    </ClCompile>
    <ClCompile Include="src\URIStreamFactory.cpp">
      <Filter>URI\Source Files</Filter>
    </ClCompile>
    <ClCompile Include="src\URIStreamOpener.cpp">
      <Filter>URI\Source Files</Filter>
    </ClCompile>
    <ClCompile Include="src\Task.cpp">
      <Filter>Tasks\Source Files</Filter>
    </ClCompile>
    <ClCompile Include="src\TaskManager.cpp">
      <Filter>Tasks\Source Files</Filter>
    </ClCompile>
    <ClCompile Include="src\TaskNotification.cpp">
      <Filter>Tasks\Source Files</Filter>
    </ClCompile>
    <ClCompile Include="src\EventArgs.cpp">
      <Filter>Events\Source Files</Filter>
    </ClCompile>
    <ClCompile Include="src\Hash.cpp">
      <Filter>Hashing\Source Files</Filter>
    </ClCompile>
    <ClCompile Include="src\HashStatistic.cpp">
      <Filter>Hashing\Source Files</Filter>
    </ClCompile>
    <ClCompile Include="src\Var.cpp">
      <Filter>Dynamic\Source Files</Filter>
    </ClCompile>
    <ClCompile Include="src\VarHolder.cpp">
      <Filter>Dynamic\Source Files</Filter>
    </ClCompile>
    <ClCompile Include="src\VarIterator.cpp">
      <Filter>Dynamic\Source Files</Filter>
    </ClCompile>
  </ItemGroup>
  <ItemGroup>
    <ClInclude Include="include\Poco\Any.h">
      <Filter>Core\Header Files</Filter>
    </ClInclude>
    <ClInclude Include="include\Poco\Ascii.h">
      <Filter>Core\Header Files</Filter>
    </ClInclude>
    <ClInclude Include="include\Poco\AtomicCounter.h">
      <Filter>Core\Header Files</Filter>
    </ClInclude>
    <ClInclude Include="include\Poco\AutoPtr.h">
      <Filter>Core\Header Files</Filter>
    </ClInclude>
    <ClInclude Include="include\Poco\AutoReleasePool.h">
      <Filter>Core\Header Files</Filter>
    </ClInclude>
    <ClInclude Include="include\Poco\Buffer.h">
      <Filter>Core\Header Files</Filter>
    </ClInclude>
    <ClInclude Include="include\Poco\Bugcheck.h">
      <Filter>Core\Header Files</Filter>
    </ClInclude>
    <ClInclude Include="include\Poco\ByteOrder.h">
      <Filter>Core\Header Files</Filter>
    </ClInclude>
    <ClInclude Include="include\Poco\Checksum.h">
      <Filter>Core\Header Files</Filter>
    </ClInclude>
    <ClInclude Include="include\Poco\Config.h">
      <Filter>Core\Header Files</Filter>
    </ClInclude>
    <ClInclude Include="include\Poco\Debugger.h">
      <Filter>Core\Header Files</Filter>
    </ClInclude>
    <ClInclude Include="include\Poco\DynamicAny.h">
      <Filter>Core\Header Files</Filter>
    </ClInclude>
    <ClInclude Include="include\Poco\DynamicAnyHolder.h">
      <Filter>Core\Header Files</Filter>
    </ClInclude>
    <ClInclude Include="include\Poco\DynamicFactory.h">
      <Filter>Core\Header Files</Filter>
    </ClInclude>
    <ClInclude Include="include\Poco\Environment.h">
      <Filter>Core\Header Files</Filter>
    </ClInclude>
    <ClInclude Include="include\Poco\Environment_UNIX.h">
      <Filter>Core\Header Files</Filter>
    </ClInclude>
    <ClInclude Include="include\Poco\Environment_WIN32.h">
      <Filter>Core\Header Files</Filter>
    </ClInclude>
    <ClInclude Include="include\Poco\Environment_WIN32U.h">
      <Filter>Core\Header Files</Filter>
    </ClInclude>
    <ClInclude Include="include\Poco\Error.h">
      <Filter>Core\Header Files</Filter>
    </ClInclude>
    <ClInclude Include="include\Poco\Exception.h">
      <Filter>Core\Header Files</Filter>
    </ClInclude>
    <ClInclude Include="include\Poco\FIFOBuffer.h">
      <Filter>Core\Header Files</Filter>
    </ClInclude>
    <ClInclude Include="include\Poco\Format.h">
      <Filter>Core\Header Files</Filter>
    </ClInclude>
    <ClInclude Include="include\Poco\Foundation.h">
      <Filter>Core\Header Files</Filter>
    </ClInclude>
    <ClInclude Include="include\Poco\FPEnvironment.h">
      <Filter>Core\Header Files</Filter>
    </ClInclude>
    <ClInclude Include="include\Poco\FPEnvironment_C99.h">
      <Filter>Core\Header Files</Filter>
    </ClInclude>
    <ClInclude Include="include\Poco\FPEnvironment_DEC.h">
      <Filter>Core\Header Files</Filter>
    </ClInclude>
    <ClInclude Include="include\Poco\FPEnvironment_DUMMY.h">
      <Filter>Core\Header Files</Filter>
    </ClInclude>
    <ClInclude Include="include\Poco\FPEnvironment_SUN.h">
      <Filter>Core\Header Files</Filter>
    </ClInclude>
    <ClInclude Include="include\Poco\FPEnvironment_WIN32.h">
      <Filter>Core\Header Files</Filter>
    </ClInclude>
    <ClInclude Include="include\Poco\Instantiator.h">
      <Filter>Core\Header Files</Filter>
    </ClInclude>
    <ClInclude Include="include\Poco\JSONString.h">
      <Filter>Core\Header Files</Filter>
    </ClInclude>
    <ClInclude Include="include\Poco\MemoryPool.h">
      <Filter>Core\Header Files</Filter>
    </ClInclude>
    <ClInclude Include="include\Poco\MetaProgramming.h">
      <Filter>Core\Header Files</Filter>
    </ClInclude>
    <ClInclude Include="include\Poco\NamedTuple.h">
      <Filter>Core\Header Files</Filter>
    </ClInclude>
    <ClInclude Include="include\Poco\NestedDiagnosticContext.h">
      <Filter>Core\Header Files</Filter>
    </ClInclude>
    <ClInclude Include="include\Poco\Nullable.h">
      <Filter>Core\Header Files</Filter>
    </ClInclude>
    <ClInclude Include="include\Poco\NumberFormatter.h">
      <Filter>Core\Header Files</Filter>
    </ClInclude>
    <ClInclude Include="include\Poco\NumberParser.h">
      <Filter>Core\Header Files</Filter>
    </ClInclude>
    <ClInclude Include="include\Poco\NumericString.h">
      <Filter>Core\Header Files</Filter>
    </ClInclude>
    <ClInclude Include="include\Poco\ObjectPool.h">
      <Filter>Core\Header Files</Filter>
    </ClInclude>
    <ClInclude Include="include\Poco\Optional.h">
      <Filter>Core\Header Files</Filter>
    </ClInclude>
    <ClInclude Include="include\Poco\Platform.h">
      <Filter>Core\Header Files</Filter>
    </ClInclude>
    <ClInclude Include="include\Poco\Platform_POSIX.h">
      <Filter>Core\Header Files</Filter>
    </ClInclude>
    <ClInclude Include="include\Poco\Platform_WIN32.h">
      <Filter>Core\Header Files</Filter>
    </ClInclude>
    <ClInclude Include="include\Poco\Poco.h">
      <Filter>Core\Header Files</Filter>
    </ClInclude>
    <ClInclude Include="include\Poco\RefCountedObject.h">
      <Filter>Core\Header Files</Filter>
    </ClInclude>
    <ClInclude Include="include\Poco\SharedPtr.h">
      <Filter>Core\Header Files</Filter>
    </ClInclude>
    <ClInclude Include="include\Poco\SingletonHolder.h">
      <Filter>Core\Header Files</Filter>
    </ClInclude>
    <ClInclude Include="include\Poco\SortedDirectoryIterator.h">
      <Filter>Core\Header Files</Filter>
    </ClInclude>
    <ClInclude Include="include\Poco\String.h">
      <Filter>Core\Header Files</Filter>
    </ClInclude>
    <ClInclude Include="include\Poco\StringTokenizer.h">
      <Filter>Core\Header Files</Filter>
    </ClInclude>
    <ClInclude Include="include\Poco\Tuple.h">
      <Filter>Core\Header Files</Filter>
    </ClInclude>
    <ClInclude Include="include\Poco\TypeList.h">
      <Filter>Core\Header Files</Filter>
    </ClInclude>
    <ClInclude Include="include\Poco\Types.h">
      <Filter>Core\Header Files</Filter>
    </ClInclude>
    <ClInclude Include="include\Poco\UnWindows.h">
      <Filter>Core\Header Files</Filter>
    </ClInclude>
    <ClInclude Include="include\Poco\Version.h">
      <Filter>Core\Header Files</Filter>
    </ClInclude>
    <ClInclude Include="include\Poco\Void.h">
      <Filter>Core\Header Files</Filter>
    </ClInclude>
    <ClInclude Include="include\Poco\Base32Decoder.h">
      <Filter>Streams\Header Files</Filter>
    </ClInclude>
    <ClInclude Include="include\Poco\Base32Encoder.h">
      <Filter>Streams\Header Files</Filter>
    </ClInclude>
    <ClInclude Include="include\Poco\Base64Decoder.h">
      <Filter>Streams\Header Files</Filter>
    </ClInclude>
    <ClInclude Include="include\Poco\Base64Encoder.h">
      <Filter>Streams\Header Files</Filter>
    </ClInclude>
    <ClInclude Include="include\Poco\BinaryReader.h">
      <Filter>Streams\Header Files</Filter>
    </ClInclude>
    <ClInclude Include="include\Poco\BinaryWriter.h">
      <Filter>Streams\Header Files</Filter>
    </ClInclude>
    <ClInclude Include="include\Poco\BufferAllocator.h">
      <Filter>Streams\Header Files</Filter>
    </ClInclude>
    <ClInclude Include="include\Poco\BufferedBidirectionalStreamBuf.h">
      <Filter>Streams\Header Files</Filter>
    </ClInclude>
    <ClInclude Include="include\Poco\BufferedStreamBuf.h">
      <Filter>Streams\Header Files</Filter>
    </ClInclude>
    <ClInclude Include="include\Poco\CountingStream.h">
      <Filter>Streams\Header Files</Filter>
    </ClInclude>
    <ClInclude Include="include\Poco\DeflatingStream.h">
      <Filter>Streams\Header Files</Filter>
    </ClInclude>
    <ClInclude Include="include\Poco\FileStream.h">
      <Filter>Streams\Header Files</Filter>
    </ClInclude>
    <ClInclude Include="include\Poco\FileStream_POSIX.h">
      <Filter>Streams\Header Files</Filter>
    </ClInclude>
    <ClInclude Include="include\Poco\FileStream_WIN32.h">
      <Filter>Streams\Header Files</Filter>
    </ClInclude>
    <ClInclude Include="include\Poco\HexBinaryDecoder.h">
      <Filter>Streams\Header Files</Filter>
    </ClInclude>
    <ClInclude Include="include\Poco\HexBinaryEncoder.h">
      <Filter>Streams\Header Files</Filter>
    </ClInclude>
    <ClInclude Include="include\Poco\InflatingStream.h">
      <Filter>Streams\Header Files</Filter>
    </ClInclude>
    <ClInclude Include="include\Poco\LineEndingConverter.h">
      <Filter>Streams\Header Files</Filter>
    </ClInclude>
    <ClInclude Include="include\Poco\MemoryStream.h">
      <Filter>Streams\Header Files</Filter>
    </ClInclude>
    <ClInclude Include="include\Poco\NullStream.h">
      <Filter>Streams\Header Files</Filter>
    </ClInclude>
    <ClInclude Include="include\Poco\StreamCopier.h">
      <Filter>Streams\Header Files</Filter>
    </ClInclude>
    <ClInclude Include="include\Poco\StreamTokenizer.h">
      <Filter>Streams\Header Files</Filter>
    </ClInclude>
    <ClInclude Include="include\Poco\StreamUtil.h">
      <Filter>Streams\Header Files</Filter>
    </ClInclude>
    <ClInclude Include="include\Poco\TeeStream.h">
      <Filter>Streams\Header Files</Filter>
    </ClInclude>
    <ClInclude Include="include\Poco\Token.h">
      <Filter>Streams\Header Files</Filter>
    </ClInclude>
    <ClInclude Include="include\Poco\UnbufferedStreamBuf.h">
      <Filter>Streams\Header Files</Filter>
    </ClInclude>
    <ClInclude Include="src\crc32.h">
      <Filter>Streams\zlib</Filter>
    </ClInclude>
    <ClInclude Include="src\deflate.h">
      <Filter>Streams\zlib</Filter>
    </ClInclude>
    <ClInclude Include="src\inffast.h">
      <Filter>Streams\zlib</Filter>
    </ClInclude>
    <ClInclude Include="src\inffixed.h">
      <Filter>Streams\zlib</Filter>
    </ClInclude>
    <ClInclude Include="src\inflate.h">
      <Filter>Streams\zlib</Filter>
    </ClInclude>
    <ClInclude Include="src\inftrees.h">
      <Filter>Streams\zlib</Filter>
    </ClInclude>
    <ClInclude Include="src\trees.h">
      <Filter>Streams\zlib</Filter>
    </ClInclude>
    <ClInclude Include="src\zconf.h">
      <Filter>Streams\zlib</Filter>
    </ClInclude>
    <ClInclude Include="src\zlib.h">
      <Filter>Streams\zlib</Filter>
    </ClInclude>
    <ClInclude Include="src\zutil.h">
      <Filter>Streams\zlib</Filter>
    </ClInclude>
    <ClInclude Include="include\Poco\ActiveDispatcher.h">
      <Filter>Threading\Header Files</Filter>
    </ClInclude>
    <ClInclude Include="include\Poco\ActiveMethod.h">
      <Filter>Threading\Header Files</Filter>
    </ClInclude>
    <ClInclude Include="include\Poco\ActiveResult.h">
      <Filter>Threading\Header Files</Filter>
    </ClInclude>
    <ClInclude Include="include\Poco\ActiveRunnable.h">
      <Filter>Threading\Header Files</Filter>
    </ClInclude>
    <ClInclude Include="include\Poco\ActiveStarter.h">
      <Filter>Threading\Header Files</Filter>
    </ClInclude>
    <ClInclude Include="include\Poco\Activity.h">
      <Filter>Threading\Header Files</Filter>
    </ClInclude>
    <ClInclude Include="include\Poco\Condition.h">
      <Filter>Threading\Header Files</Filter>
    </ClInclude>
    <ClInclude Include="include\Poco\ErrorHandler.h">
      <Filter>Threading\Header Files</Filter>
    </ClInclude>
    <ClInclude Include="include\Poco\Event.h">
      <Filter>Threading\Header Files</Filter>
    </ClInclude>
    <ClInclude Include="include\Poco\Event_POSIX.h">
      <Filter>Threading\Header Files</Filter>
    </ClInclude>
    <ClInclude Include="include\Poco\Event_WIN32.h">
      <Filter>Threading\Header Files</Filter>
    </ClInclude>
    <ClInclude Include="include\Poco\Mutex.h">
      <Filter>Threading\Header Files</Filter>
    </ClInclude>
    <ClInclude Include="include\Poco\Mutex_POSIX.h">
      <Filter>Threading\Header Files</Filter>
    </ClInclude>
    <ClInclude Include="include\Poco\Mutex_WIN32.h">
      <Filter>Threading\Header Files</Filter>
    </ClInclude>
    <ClInclude Include="include\Poco\Runnable.h">
      <Filter>Threading\Header Files</Filter>
    </ClInclude>
    <ClInclude Include="include\Poco\RunnableAdapter.h">
      <Filter>Threading\Header Files</Filter>
    </ClInclude>
    <ClInclude Include="include\Poco\RWLock.h">
      <Filter>Threading\Header Files</Filter>
    </ClInclude>
    <ClInclude Include="include\Poco\RWLock_POSIX.h">
      <Filter>Threading\Header Files</Filter>
    </ClInclude>
    <ClInclude Include="include\Poco\RWLock_WIN32.h">
      <Filter>Threading\Header Files</Filter>
    </ClInclude>
    <ClInclude Include="include\Poco\ScopedLock.h">
      <Filter>Threading\Header Files</Filter>
    </ClInclude>
    <ClInclude Include="include\Poco\ScopedUnlock.h">
      <Filter>Threading\Header Files</Filter>
    </ClInclude>
    <ClInclude Include="include\Poco\Semaphore.h">
      <Filter>Threading\Header Files</Filter>
    </ClInclude>
    <ClInclude Include="include\Poco\Semaphore_POSIX.h">
      <Filter>Threading\Header Files</Filter>
    </ClInclude>
    <ClInclude Include="include\Poco\Semaphore_WIN32.h">
      <Filter>Threading\Header Files</Filter>
    </ClInclude>
    <ClInclude Include="include\Poco\SignalHandler.h">
      <Filter>Threading\Header Files</Filter>
    </ClInclude>
    <ClInclude Include="include\Poco\SynchronizedObject.h">
      <Filter>Threading\Header Files</Filter>
    </ClInclude>
    <ClInclude Include="include\Poco\Thread.h">
      <Filter>Threading\Header Files</Filter>
    </ClInclude>
    <ClInclude Include="include\Poco\Thread_POSIX.h">
      <Filter>Threading\Header Files</Filter>
    </ClInclude>
    <ClInclude Include="include\Poco\Thread_WIN32.h">
      <Filter>Threading\Header Files</Filter>
    </ClInclude>
    <ClInclude Include="include\Poco\ThreadLocal.h">
      <Filter>Threading\Header Files</Filter>
    </ClInclude>
    <ClInclude Include="include\Poco\ThreadPool.h">
      <Filter>Threading\Header Files</Filter>
    </ClInclude>
    <ClInclude Include="include\Poco\ThreadTarget.h">
      <Filter>Threading\Header Files</Filter>
    </ClInclude>
    <ClInclude Include="include\Poco\Timer.h">
      <Filter>Threading\Header Files</Filter>
    </ClInclude>
    <ClInclude Include="include\Poco\DigestEngine.h">
      <Filter>Crypt\Header Files</Filter>
    </ClInclude>
    <ClInclude Include="include\Poco\DigestStream.h">
      <Filter>Crypt\Header Files</Filter>
    </ClInclude>
    <ClInclude Include="include\Poco\HMACEngine.h">
      <Filter>Crypt\Header Files</Filter>
    </ClInclude>
    <ClInclude Include="include\Poco\MD4Engine.h">
      <Filter>Crypt\Header Files</Filter>
    </ClInclude>
    <ClInclude Include="include\Poco\MD5Engine.h">
      <Filter>Crypt\Header Files</Filter>
    </ClInclude>
    <ClInclude Include="include\Poco\PBKDF2Engine.h">
      <Filter>Crypt\Header Files</Filter>
    </ClInclude>
    <ClInclude Include="include\Poco\Random.h">
      <Filter>Crypt\Header Files</Filter>
    </ClInclude>
    <ClInclude Include="include\Poco\RandomStream.h">
      <Filter>Crypt\Header Files</Filter>
    </ClInclude>
    <ClInclude Include="include\Poco\SHA1Engine.h">
      <Filter>Crypt\Header Files</Filter>
    </ClInclude>
    <ClInclude Include="include\Poco\ClassLibrary.h">
      <Filter>SharedLibrary\Header Files</Filter>
    </ClInclude>
    <ClInclude Include="include\Poco\ClassLoader.h">
      <Filter>SharedLibrary\Header Files</Filter>
    </ClInclude>
    <ClInclude Include="include\Poco\Manifest.h">
      <Filter>SharedLibrary\Header Files</Filter>
    </ClInclude>
    <ClInclude Include="include\Poco\MetaObject.h">
      <Filter>SharedLibrary\Header Files</Filter>
    </ClInclude>
    <ClInclude Include="include\Poco\SharedLibrary.h">
      <Filter>SharedLibrary\Header Files</Filter>
    </ClInclude>
    <ClInclude Include="include\Poco\SharedLibrary_HPUX.h">
      <Filter>SharedLibrary\Header Files</Filter>
    </ClInclude>
    <ClInclude Include="include\Poco\SharedLibrary_UNIX.h">
      <Filter>SharedLibrary\Header Files</Filter>
    </ClInclude>
    <ClInclude Include="include\Poco\SharedLibrary_WIN32.h">
      <Filter>SharedLibrary\Header Files</Filter>
    </ClInclude>
    <ClInclude Include="include\Poco\SharedLibrary_WIN32U.h">
      <Filter>SharedLibrary\Header Files</Filter>
    </ClInclude>
    <ClInclude Include="src\pcre.h">
      <Filter>RegularExpression\PCRE Header Files</Filter>
    </ClInclude>
    <ClInclude Include="src\pcre_config.h">
      <Filter>RegularExpression\PCRE Header Files</Filter>
    </ClInclude>
    <ClInclude Include="src\pcre_internal.h">
      <Filter>RegularExpression\PCRE Header Files</Filter>
    </ClInclude>
    <ClInclude Include="src\ucp.h">
      <Filter>RegularExpression\PCRE Header Files</Filter>
    </ClInclude>
    <ClInclude Include="include\Poco\RegularExpression.h">
      <Filter>RegularExpression\Header Files</Filter>
    </ClInclude>
    <ClInclude Include="include\Poco\ArchiveStrategy.h">
      <Filter>Logging\Header Files</Filter>
    </ClInclude>
    <ClInclude Include="include\Poco\AsyncChannel.h">
      <Filter>Logging\Header Files</Filter>
    </ClInclude>
    <ClInclude Include="include\Poco\Channel.h">
      <Filter>Logging\Header Files</Filter>
    </ClInclude>
    <ClInclude Include="include\Poco\Configurable.h">
      <Filter>Logging\Header Files</Filter>
    </ClInclude>
    <ClInclude Include="include\Poco\ConsoleChannel.h">
      <Filter>Logging\Header Files</Filter>
    </ClInclude>
    <ClInclude Include="include\Poco\EventChannel.h">
      <Filter>Logging\Header Files</Filter>
    </ClInclude>
    <ClInclude Include="include\Poco\EventLogChannel.h">
      <Filter>Logging\Header Files</Filter>
    </ClInclude>
    <ClInclude Include="include\Poco\FileChannel.h">
      <Filter>Logging\Header Files</Filter>
    </ClInclude>
    <ClInclude Include="include\Poco\Formatter.h">
      <Filter>Logging\Header Files</Filter>
    </ClInclude>
    <ClInclude Include="include\Poco\FormattingChannel.h">
      <Filter>Logging\Header Files</Filter>
    </ClInclude>
    <ClInclude Include="include\Poco\LogFile.h">
      <Filter>Logging\Header Files</Filter>
    </ClInclude>
    <ClInclude Include="include\Poco\LogFile_STD.h">
      <Filter>Logging\Header Files</Filter>
    </ClInclude>
    <ClInclude Include="include\Poco\LogFile_WIN32.h">
      <Filter>Logging\Header Files</Filter>
    </ClInclude>
    <ClInclude Include="include\Poco\LogFile_WIN32U.h">
      <Filter>Logging\Header Files</Filter>
    </ClInclude>
    <ClInclude Include="include\Poco\Logger.h">
      <Filter>Logging\Header Files</Filter>
    </ClInclude>
    <ClInclude Include="include\Poco\LoggingFactory.h">
      <Filter>Logging\Header Files</Filter>
    </ClInclude>
    <ClInclude Include="include\Poco\LoggingRegistry.h">
      <Filter>Logging\Header Files</Filter>
    </ClInclude>
    <ClInclude Include="include\Poco\LogStream.h">
      <Filter>Logging\Header Files</Filter>
    </ClInclude>
    <ClInclude Include="include\Poco\Message.h">
      <Filter>Logging\Header Files</Filter>
    </ClInclude>
    <ClInclude Include="include\Poco\NullChannel.h">
      <Filter>Logging\Header Files</Filter>
    </ClInclude>
    <ClInclude Include="include\Poco\PatternFormatter.h">
      <Filter>Logging\Header Files</Filter>
    </ClInclude>
    <ClInclude Include="src\pocomsg.h">
      <Filter>Logging\Header Files</Filter>
    </ClInclude>
    <ClInclude Include="include\Poco\PurgeStrategy.h">
      <Filter>Logging\Header Files</Filter>
    </ClInclude>
    <ClInclude Include="include\Poco\RotateStrategy.h">
      <Filter>Logging\Header Files</Filter>
    </ClInclude>
    <ClInclude Include="include\Poco\SimpleFileChannel.h">
      <Filter>Logging\Header Files</Filter>
    </ClInclude>
    <ClInclude Include="include\Poco\SplitterChannel.h">
      <Filter>Logging\Header Files</Filter>
    </ClInclude>
    <ClInclude Include="include\Poco\StreamChannel.h">
      <Filter>Logging\Header Files</Filter>
    </ClInclude>
    <ClInclude Include="include\Poco\SyslogChannel.h">
      <Filter>Logging\Header Files</Filter>
    </ClInclude>
    <ClInclude Include="include\Poco\WindowsConsoleChannel.h">
      <Filter>Logging\Header Files</Filter>
    </ClInclude>
    <ClInclude Include="include\Poco\AbstractObserver.h">
      <Filter>Notifications\Header Files</Filter>
    </ClInclude>
    <ClInclude Include="include\Poco\NObserver.h">
      <Filter>Notifications\Header Files</Filter>
    </ClInclude>
    <ClInclude Include="include\Poco\Notification.h">
      <Filter>Notifications\Header Files</Filter>
    </ClInclude>
    <ClInclude Include="include\Poco\NotificationCenter.h">
      <Filter>Notifications\Header Files</Filter>
    </ClInclude>
    <ClInclude Include="include\Poco\NotificationQueue.h">
      <Filter>Notifications\Header Files</Filter>
    </ClInclude>
    <ClInclude Include="include\Poco\Observer.h">
      <Filter>Notifications\Header Files</Filter>
    </ClInclude>
    <ClInclude Include="include\Poco\PriorityNotificationQueue.h">
      <Filter>Notifications\Header Files</Filter>
    </ClInclude>
    <ClInclude Include="include\Poco\TimedNotificationQueue.h">
      <Filter>Notifications\Header Files</Filter>
    </ClInclude>
    <ClInclude Include="include\Poco\DirectoryIterator.h">
      <Filter>Filesystem\Header Files</Filter>
    </ClInclude>
    <ClInclude Include="include\Poco\DirectoryIterator_UNIX.h">
      <Filter>Filesystem\Header Files</Filter>
    </ClInclude>
    <ClInclude Include="include\Poco\DirectoryIterator_WIN32.h">
      <Filter>Filesystem\Header Files</Filter>
    </ClInclude>
    <ClInclude Include="include\Poco\DirectoryIterator_WIN32U.h">
      <Filter>Filesystem\Header Files</Filter>
    </ClInclude>
    <ClInclude Include="include\Poco\DirectoryWatcher.h">
      <Filter>Filesystem\Header Files</Filter>
    </ClInclude>
    <ClInclude Include="include\Poco\File.h">
      <Filter>Filesystem\Header Files</Filter>
    </ClInclude>
    <ClInclude Include="include\Poco\File_UNIX.h">
      <Filter>Filesystem\Header Files</Filter>
    </ClInclude>
    <ClInclude Include="include\Poco\File_WIN32.h">
      <Filter>Filesystem\Header Files</Filter>
    </ClInclude>
    <ClInclude Include="include\Poco\File_WIN32U.h">
      <Filter>Filesystem\Header Files</Filter>
    </ClInclude>
    <ClInclude Include="include\Poco\Glob.h">
      <Filter>Filesystem\Header Files</Filter>
    </ClInclude>
    <ClInclude Include="include\Poco\Path.h">
      <Filter>Filesystem\Header Files</Filter>
    </ClInclude>
    <ClInclude Include="include\Poco\Path_UNIX.h">
      <Filter>Filesystem\Header Files</Filter>
    </ClInclude>
    <ClInclude Include="include\Poco\Path_WIN32.h">
      <Filter>Filesystem\Header Files</Filter>
    </ClInclude>
    <ClInclude Include="include\Poco\Path_WIN32U.h">
      <Filter>Filesystem\Header Files</Filter>
    </ClInclude>
    <ClInclude Include="include\Poco\TemporaryFile.h">
      <Filter>Filesystem\Header Files</Filter>
    </ClInclude>
    <ClInclude Include="include\Poco\NamedEvent.h">
      <Filter>Processes\Header Files</Filter>
    </ClInclude>
    <ClInclude Include="include\Poco\NamedEvent_UNIX.h">
      <Filter>Processes\Header Files</Filter>
    </ClInclude>
    <ClInclude Include="include\Poco\NamedEvent_WIN32.h">
      <Filter>Processes\Header Files</Filter>
    </ClInclude>
    <ClInclude Include="include\Poco\NamedEvent_WIN32U.h">
      <Filter>Processes\Header Files</Filter>
    </ClInclude>
    <ClInclude Include="include\Poco\NamedMutex.h">
      <Filter>Processes\Header Files</Filter>
    </ClInclude>
    <ClInclude Include="include\Poco\NamedMutex_UNIX.h">
      <Filter>Processes\Header Files</Filter>
    </ClInclude>
    <ClInclude Include="include\Poco\NamedMutex_WIN32.h">
      <Filter>Processes\Header Files</Filter>
    </ClInclude>
    <ClInclude Include="include\Poco\NamedMutex_WIN32U.h">
      <Filter>Processes\Header Files</Filter>
    </ClInclude>
    <ClInclude Include="include\Poco\Pipe.h">
      <Filter>Processes\Header Files</Filter>
    </ClInclude>
    <ClInclude Include="include\Poco\PipeImpl.h">
      <Filter>Processes\Header Files</Filter>
    </ClInclude>
    <ClInclude Include="include\Poco\PipeImpl_DUMMY.h">
      <Filter>Processes\Header Files</Filter>
    </ClInclude>
    <ClInclude Include="include\Poco\PipeImpl_POSIX.h">
      <Filter>Processes\Header Files</Filter>
    </ClInclude>
    <ClInclude Include="include\Poco\PipeImpl_WIN32.h">
      <Filter>Processes\Header Files</Filter>
    </ClInclude>
    <ClInclude Include="include\Poco\PipeStream.h">
      <Filter>Processes\Header Files</Filter>
    </ClInclude>
    <ClInclude Include="include\Poco\Process.h">
      <Filter>Processes\Header Files</Filter>
    </ClInclude>
    <ClInclude Include="include\Poco\Process_UNIX.h">
      <Filter>Processes\Header Files</Filter>
    </ClInclude>
    <ClInclude Include="include\Poco\Process_WIN32.h">
      <Filter>Processes\Header Files</Filter>
    </ClInclude>
    <ClInclude Include="include\Poco\Process_WIN32U.h">
      <Filter>Processes\Header Files</Filter>
    </ClInclude>
    <ClInclude Include="include\Poco\SharedMemory.h">
      <Filter>Processes\Header Files</Filter>
    </ClInclude>
    <ClInclude Include="include\Poco\SharedMemory_DUMMY.h">
      <Filter>Processes\Header Files</Filter>
    </ClInclude>
    <ClInclude Include="include\Poco\SharedMemory_POSIX.h">
      <Filter>Processes\Header Files</Filter>
    </ClInclude>
    <ClInclude Include="include\Poco\SharedMemory_WIN32.h">
      <Filter>Processes\Header Files</Filter>
    </ClInclude>
    <ClInclude Include="include\Poco\UUID.h">
      <Filter>UUID\Header Files</Filter>
    </ClInclude>
    <ClInclude Include="include\Poco\UUIDGenerator.h">
      <Filter>UUID\Header Files</Filter>
    </ClInclude>
    <ClInclude Include="include\Poco\Clock.h">
      <Filter>DateTime\Header Files</Filter>
    </ClInclude>
    <ClInclude Include="include\Poco\DateTime.h">
      <Filter>DateTime\Header Files</Filter>
    </ClInclude>
    <ClInclude Include="include\Poco\DateTimeFormat.h">
      <Filter>DateTime\Header Files</Filter>
    </ClInclude>
    <ClInclude Include="include\Poco\DateTimeFormatter.h">
      <Filter>DateTime\Header Files</Filter>
    </ClInclude>
    <ClInclude Include="include\Poco\DateTimeParser.h">
      <Filter>DateTime\Header Files</Filter>
    </ClInclude>
    <ClInclude Include="include\Poco\LocalDateTime.h">
      <Filter>DateTime\Header Files</Filter>
    </ClInclude>
    <ClInclude Include="include\Poco\Stopwatch.h">
      <Filter>DateTime\Header Files</Filter>
    </ClInclude>
    <ClInclude Include="include\Poco\Timespan.h">
      <Filter>DateTime\Header Files</Filter>
    </ClInclude>
    <ClInclude Include="include\Poco\Timestamp.h">
      <Filter>DateTime\Header Files</Filter>
    </ClInclude>
    <ClInclude Include="include\Poco\Timezone.h">
      <Filter>DateTime\Header Files</Filter>
    </ClInclude>
    <ClInclude Include="include\Poco\ASCIIEncoding.h">
      <Filter>Text\Header Files</Filter>
    </ClInclude>
    <ClInclude Include="include\Poco\Latin1Encoding.h">
      <Filter>Text\Header Files</Filter>
    </ClInclude>
    <ClInclude Include="include\Poco\Latin2Encoding.h">
      <Filter>Text\Header Files</Filter>
    </ClInclude>
    <ClInclude Include="include\Poco\Latin9Encoding.h">
      <Filter>Text\Header Files</Filter>
    </ClInclude>
    <ClInclude Include="include\Poco\ListMap.h">
      <Filter>Text\Header Files</Filter>
    </ClInclude>
    <ClInclude Include="include\Poco\StreamConverter.h">
      <Filter>Text\Header Files</Filter>
    </ClInclude>
    <ClInclude Include="include\Poco\TextBufferIterator.h">
      <Filter>Text\Header Files</Filter>
    </ClInclude>
    <ClInclude Include="include\Poco\TextConverter.h">
      <Filter>Text\Header Files</Filter>
    </ClInclude>
    <ClInclude Include="include\Poco\TextEncoding.h">
      <Filter>Text\Header Files</Filter>
    </ClInclude>
    <ClInclude Include="include\Poco\TextIterator.h">
      <Filter>Text\Header Files</Filter>
    </ClInclude>
    <ClInclude Include="include\Poco\Unicode.h">
      <Filter>Text\Header Files</Filter>
    </ClInclude>
    <ClInclude Include="include\Poco\UnicodeConverter.h">
      <Filter>Text\Header Files</Filter>
    </ClInclude>
    <ClInclude Include="include\Poco\UTF16Encoding.h">
      <Filter>Text\Header Files</Filter>
    </ClInclude>
    <ClInclude Include="include\Poco\UTF32Encoding.h">
      <Filter>Text\Header Files</Filter>
    </ClInclude>
    <ClInclude Include="include\Poco\UTF8Encoding.h">
      <Filter>Text\Header Files</Filter>
    </ClInclude>
    <ClInclude Include="include\Poco\UTF8String.h">
      <Filter>Text\Header Files</Filter>
    </ClInclude>
    <ClInclude Include="include\Poco\Windows1250Encoding.h">
      <Filter>Text\Header Files</Filter>
    </ClInclude>
    <ClInclude Include="include\Poco\Windows1251Encoding.h">
      <Filter>Text\Header Files</Filter>
    </ClInclude>
    <ClInclude Include="include\Poco\Windows1252Encoding.h">
      <Filter>Text\Header Files</Filter>
    </ClInclude>
    <ClInclude Include="include\Poco\FileStreamFactory.h">
      <Filter>URI\Header Files</Filter>
    </ClInclude>
    <ClInclude Include="include\Poco\URI.h">
      <Filter>URI\Header Files</Filter>
    </ClInclude>
    <ClInclude Include="include\Poco\URIStreamFactory.h">
      <Filter>URI\Header Files</Filter>
    </ClInclude>
    <ClInclude Include="include\Poco\URIStreamOpener.h">
      <Filter>URI\Header Files</Filter>
    </ClInclude>
    <ClInclude Include="include\Poco\Task.h">
      <Filter>Tasks\Header Files</Filter>
    </ClInclude>
    <ClInclude Include="include\Poco\TaskManager.h">
      <Filter>Tasks\Header Files</Filter>
    </ClInclude>
    <ClInclude Include="include\Poco\TaskNotification.h">
      <Filter>Tasks\Header Files</Filter>
    </ClInclude>
    <ClInclude Include="include\Poco\AbstractDelegate.h">
      <Filter>Events\Header Files</Filter>
    </ClInclude>
    <ClInclude Include="include\Poco\AbstractEvent.h">
      <Filter>Events\Header Files</Filter>
    </ClInclude>
    <ClInclude Include="include\Poco\AbstractPriorityDelegate.h">
      <Filter>Events\Header Files</Filter>
    </ClInclude>
    <ClInclude Include="include\Poco\BasicEvent.h">
      <Filter>Events\Header Files</Filter>
    </ClInclude>
    <ClInclude Include="include\Poco\DefaultStrategy.h">
      <Filter>Events\Header Files</Filter>
    </ClInclude>
    <ClInclude Include="include\Poco\Delegate.h">
      <Filter>Events\Header Files</Filter>
    </ClInclude>
    <ClInclude Include="include\Poco\DirectoryIteratorStrategy.h">
      <Filter>Events\Header Files</Filter>
    </ClInclude>
    <ClInclude Include="include\Poco\EventArgs.h">
      <Filter>Events\Header Files</Filter>
    </ClInclude>
    <ClInclude Include="include\Poco\Expire.h">
      <Filter>Events\Header Files</Filter>
    </ClInclude>
    <ClInclude Include="include\Poco\FIFOEvent.h">
      <Filter>Events\Header Files</Filter>
    </ClInclude>
    <ClInclude Include="include\Poco\FIFOStrategy.h">
      <Filter>Events\Header Files</Filter>
    </ClInclude>
    <ClInclude Include="include\Poco\FunctionDelegate.h">
      <Filter>Events\Header Files</Filter>
    </ClInclude>
    <ClInclude Include="include\Poco\FunctionPriorityDelegate.h">
      <Filter>Events\Header Files</Filter>
    </ClInclude>
    <ClInclude Include="include\Poco\NotificationStrategy.h">
      <Filter>Events\Header Files</Filter>
    </ClInclude>
    <ClInclude Include="include\Poco\PriorityDelegate.h">
      <Filter>Events\Header Files</Filter>
    </ClInclude>
    <ClInclude Include="include\Poco\PriorityEvent.h">
      <Filter>Events\Header Files</Filter>
    </ClInclude>
    <ClInclude Include="include\Poco\PriorityExpire.h">
      <Filter>Events\Header Files</Filter>
    </ClInclude>
    <ClInclude Include="include\Poco\PriorityStrategy.h">
      <Filter>Events\Header Files</Filter>
    </ClInclude>
    <ClInclude Include="include\Poco\RecursiveDirectoryIterator.h">
      <Filter>Events\Header Files</Filter>
    </ClInclude>
    <ClInclude Include="include\Poco\RecursiveDirectoryIteratorImpl.h">
      <Filter>Events\Header Files</Filter>
    </ClInclude>
    <ClInclude Include="include\Poco\AbstractCache.h">
      <Filter>Cache\Header Files</Filter>
    </ClInclude>
    <ClInclude Include="include\Poco\AbstractStrategy.h">
      <Filter>Cache\Header Files</Filter>
    </ClInclude>
    <ClInclude Include="include\Poco\AccessExpirationDecorator.h">
      <Filter>Cache\Header Files</Filter>
    </ClInclude>
    <ClInclude Include="include\Poco\AccessExpireCache.h">
      <Filter>Cache\Header Files</Filter>
    </ClInclude>
    <ClInclude Include="include\Poco\AccessExpireLRUCache.h">
      <Filter>Cache\Header Files</Filter>
    </ClInclude>
    <ClInclude Include="include\Poco\AccessExpireStrategy.h">
      <Filter>Cache\Header Files</Filter>
    </ClInclude>
    <ClInclude Include="include\Poco\ExpirationDecorator.h">
      <Filter>Cache\Header Files</Filter>
    </ClInclude>
    <ClInclude Include="include\Poco\ExpireCache.h">
      <Filter>Cache\Header Files</Filter>
    </ClInclude>
    <ClInclude Include="include\Poco\ExpireLRUCache.h">
      <Filter>Cache\Header Files</Filter>
    </ClInclude>
    <ClInclude Include="include\Poco\ExpireStrategy.h">
      <Filter>Cache\Header Files</Filter>
    </ClInclude>
    <ClInclude Include="include\Poco\KeyValueArgs.h">
      <Filter>Cache\Header Files</Filter>
    </ClInclude>
    <ClInclude Include="include\Poco\LRUCache.h">
      <Filter>Cache\Header Files</Filter>
    </ClInclude>
    <ClInclude Include="include\Poco\LRUStrategy.h">
      <Filter>Cache\Header Files</Filter>
    </ClInclude>
    <ClInclude Include="include\Poco\StrategyCollection.h">
      <Filter>Cache\Header Files</Filter>
    </ClInclude>
    <ClInclude Include="include\Poco\UniqueAccessExpireCache.h">
      <Filter>Cache\Header Files</Filter>
    </ClInclude>
    <ClInclude Include="include\Poco\UniqueAccessExpireLRUCache.h">
      <Filter>Cache\Header Files</Filter>
    </ClInclude>
    <ClInclude Include="include\Poco\UniqueAccessExpireStrategy.h">
      <Filter>Cache\Header Files</Filter>
    </ClInclude>
    <ClInclude Include="include\Poco\UniqueExpireCache.h">
      <Filter>Cache\Header Files</Filter>
    </ClInclude>
    <ClInclude Include="include\Poco\UniqueExpireLRUCache.h">
      <Filter>Cache\Header Files</Filter>
    </ClInclude>
    <ClInclude Include="include\Poco\UniqueExpireStrategy.h">
      <Filter>Cache\Header Files</Filter>
    </ClInclude>
    <ClInclude Include="include\Poco\ValidArgs.h">
      <Filter>Cache\Header Files</Filter>
    </ClInclude>
    <ClInclude Include="include\Poco\Hash.h">
      <Filter>Hashing\Header Files</Filter>
    </ClInclude>
    <ClInclude Include="include\Poco\HashFunction.h">
      <Filter>Hashing\Header Files</Filter>
    </ClInclude>
    <ClInclude Include="include\Poco\HashMap.h">
      <Filter>Hashing\Header Files</Filter>
    </ClInclude>
    <ClInclude Include="include\Poco\HashSet.h">
      <Filter>Hashing\Header Files</Filter>
    </ClInclude>
    <ClInclude Include="include\Poco\HashStatistic.h">
      <Filter>Hashing\Header Files</Filter>
    </ClInclude>
    <ClInclude Include="include\Poco\HashTable.h">
      <Filter>Hashing\Header Files</Filter>
    </ClInclude>
    <ClInclude Include="include\Poco\LinearHashTable.h">
      <Filter>Hashing\Header Files</Filter>
    </ClInclude>
    <ClInclude Include="include\Poco\SimpleHashTable.h">
      <Filter>Hashing\Header Files</Filter>
    </ClInclude>
    <ClInclude Include="include\Poco\Dynamic\Pair.h">
      <Filter>Dynamic\Header Files</Filter>
    </ClInclude>
    <ClInclude Include="include\Poco\Dynamic\Struct.h">
      <Filter>Dynamic\Header Files</Filter>
    </ClInclude>
    <ClInclude Include="include\Poco\Dynamic\Var.h">
      <Filter>Dynamic\Header Files</Filter>
    </ClInclude>
    <ClInclude Include="include\Poco\Dynamic\VarHolder.h">
      <Filter>Dynamic\Header Files</Filter>
    </ClInclude>
    <ClInclude Include="include\Poco\Dynamic\VarIterator.h">
      <Filter>Dynamic\Header Files</Filter>
    </ClInclude>
  </ItemGroup>
  <ItemGroup>
    <ResourceCompile Include="src\pocomsg.rc">
      <Filter>Logging\Resource Files</Filter>
    </ResourceCompile>
    <ResourceCompile Include="..\DLLVersion.rc" />
  </ItemGroup>
  <ItemGroup>
    <CustomBuild Include="src\pocomsg.mc">
      <Filter>Logging\Message Files</Filter>
    </CustomBuild>
  </ItemGroup>
</Project>