<?xml version="1.0" encoding="utf-8"?>
<Project ToolsVersion="4.0" xmlns="http://schemas.microsoft.com/developer/msbuild/2003">
  <ItemGroup>
    <Filter Include="Crypto">
      <UniqueIdentifier>{9dff95b8-7a0a-42a2-882d-240353eebc86}</UniqueIdentifier>
    </Filter>
    <Filter Include="Crypto\Header Files">
      <UniqueIdentifier>{c461d935-f1d4-468f-8e89-a06090c1b7d6}</UniqueIdentifier>
    </Filter>
    <Filter Include="Crypto\Source Files">
      <UniqueIdentifier>{dcfe4ffa-6b62-4c48-9625-6fa8d16841f6}</UniqueIdentifier>
    </Filter>
    <Filter Include="_Suite">
      <UniqueIdentifier>{66610ad9-d08d-4cd7-b3d2-d6d71a7d9ac5}</UniqueIdentifier>
    </Filter>
    <Filter Include="_Suite\Header Files">
      <UniqueIdentifier>{0cfb4e9f-5fe7-42dd-96f1-3dc5e779bf88}</UniqueIdentifier>
    </Filter>
    <Filter Include="_Suite\Source Files">
      <UniqueIdentifier>{0cd7e466-afb0-40c7-abff-08147e0e6da7}</UniqueIdentifier>
    </Filter>
    <Filter Include="_Driver">
      <UniqueIdentifier>{89a0f0f0-fd2a-49aa-91f2-5b766adcd945}</UniqueIdentifier>
    </Filter>
    <Filter Include="_Driver\Source Files">
      <UniqueIdentifier>{e110d68e-1724-4d5e-8ab5-f774c2735147}</UniqueIdentifier>
    </Filter>
  </ItemGroup>
  <ItemGroup>
    <ClInclude Include="src\CryptoTest.h">
      <Filter>Crypto\Header Files</Filter>
    </ClInclude>
    <ClInclude Include="src\DigestEngineTest.h">
      <Filter>Crypto\Header Files</Filter>
    </ClInclude>
    <ClInclude Include="src\ECTest.h">
      <Filter>Crypto\Header Files</Filter>
    </ClInclude>
    <ClInclude Include="src\EVPTest.h">
      <Filter>Crypto\Header Files</Filter>
    </ClInclude>
    <ClInclude Include="src\PKCS12ContainerTest.h">
      <Filter>Crypto\Header Files</Filter>
    </ClInclude>
    <ClInclude Include="src\EnvelopeTest.h">
      <Filter>Crypto\Header Files</Filter>
    </ClInclude>
    <ClInclude Include="src\RSATest.h">
      <Filter>Crypto\Header Files</Filter>
    </ClInclude>
    <ClInclude Include="src\CryptoTestSuite.h">
      <Filter>_Suite\Header Files</Filter>
    </ClInclude>
  </ItemGroup>
  <ItemGroup>
    <ClCompile Include="src\CryptoTest.cpp">
      <Filter>Crypto\Source Files</Filter>
    </ClCompile>
    <ClCompile Include="src\DigestEngineTest.cpp">
      <Filter>Crypto\Source Files</Filter>
    </ClCompile>
    <ClCompile Include="src\ECTest.cpp">
      <Filter>Crypto\Source Files</Filter>
    </ClCompile>
    <ClCompile Include="src\EVPTest.cpp">
      <Filter>Crypto\Source Files</Filter>
    </ClCompile>
    <ClCompile Include="src\PKCS12ContainerTest.cpp">
      <Filter>Crypto\Source Files</Filter>
    </ClCompile>
    <ClCompile Include="src\EnvelopeTest.cpp">
      <Filter>Crypto\Source Files</Filter>
    </ClCompile>
    <ClCompile Include="src\RSATest.cpp">
      <Filter>Crypto\Source Files</Filter>
    </ClCompile>
    <ClCompile Include="src\CryptoTestSuite.cpp">
      <Filter>_Suite\Source Files</Filter>
    </ClCompile>
    <ClCompile Include="src\Driver.cpp">
      <Filter>_Driver\Source Files</Filter>
    </ClCompile>
  </ItemGroup>
</Project>