<?xml version="1.0" encoding="utf-8"?>
<Project ToolsVersion="4.0" xmlns="http://schemas.microsoft.com/developer/msbuild/2003">
  <ItemGroup>
    <Filter Include="SSLCore">
      <UniqueIdentifier>{292d71cd-4740-4b8a-a29f-9dfa51f80364}</UniqueIdentifier>
    </Filter>
    <Filter Include="SSLCore\Header Files">
      <UniqueIdentifier>{cbd6948e-8e36-468c-a32b-6198289eea69}</UniqueIdentifier>
    </Filter>
    <Filter Include="SSLCore\Source Files">
      <UniqueIdentifier>{aca38e46-e300-44a7-96fc-975b6aac4953}</UniqueIdentifier>
    </Filter>
    <Filter Include="HTTPSClient">
      <UniqueIdentifier>{705543df-190c-4eda-a4f3-d984bb7f3336}</UniqueIdentifier>
    </Filter>
    <Filter Include="HTTPSClient\Header Files">
      <UniqueIdentifier>{9974072d-52cb-4c04-ad7c-3e5a4e286a25}</UniqueIdentifier>
    </Filter>
    <Filter Include="HTTPSClient\Source Files">
      <UniqueIdentifier>{8f4ce4ba-1c92-40bd-a6ee-d3773dfbfaef}</UniqueIdentifier>
    </Filter>
    <Filter Include="SSLSockets">
      <UniqueIdentifier>{a2f317de-9895-4968-8c6c-f419ac1579de}</UniqueIdentifier>
    </Filter>
    <Filter Include="SSLSockets\Header Files">
      <UniqueIdentifier>{7d47a96f-ac2c-46f5-8246-b6d20b63ca8f}</UniqueIdentifier>
    </Filter>
    <Filter Include="SSLSockets\Source Files">
      <UniqueIdentifier>{08a6a93b-16e7-47f5-954e-0f4e189f1039}</UniqueIdentifier>
    </Filter>
    <Filter Include="Mail">
      <UniqueIdentifier>{68957197-bffd-4ca0-9d9f-85bf0bac1080}</UniqueIdentifier>
    </Filter>
    <Filter Include="Mail\Header Files">
      <UniqueIdentifier>{f86eba72-6568-4bd6-b0eb-c5db57ee20da}</UniqueIdentifier>
    </Filter>
    <Filter Include="Mail\Source Files">
      <UniqueIdentifier>{ae132925-2f84-467b-bcc8-11dbf4ba900d}</UniqueIdentifier>
    </Filter>
  </ItemGroup>
  <ItemGroup>
    <ClInclude Include="include\Poco\Net\AcceptCertificateHandler.h">
      <Filter>SSLCore\Header Files</Filter>
    </ClInclude>
    <ClInclude Include="include\Poco\Net\CertificateHandlerFactory.h">
      <Filter>SSLCore\Header Files</Filter>
    </ClInclude>
    <ClInclude Include="include\Poco\Net\CertificateHandlerFactoryMgr.h">
      <Filter>SSLCore\Header Files</Filter>
    </ClInclude>
    <ClInclude Include="include\Poco\Net\ConsoleCertificateHandler.h">
      <Filter>SSLCore\Header Files</Filter>
    </ClInclude>
    <ClInclude Include="include\Poco\Net\Context.h">
      <Filter>SSLCore\Header Files</Filter>
    </ClInclude>
    <ClInclude Include="include\Poco\Net\InvalidCertificateHandler.h">
      <Filter>SSLCore\Header Files</Filter>
    </ClInclude>
    <ClInclude Include="include\Poco\Net\KeyConsoleHandler.h">
      <Filter>SSLCore\Header Files</Filter>
    </ClInclude>
    <ClInclude Include="include\Poco\Net\KeyFileHandler.h">
      <Filter>SSLCore\Header Files</Filter>
    </ClInclude>
    <ClInclude Include="include\Poco\Net\NetSSL.h">
      <Filter>SSLCore\Header Files</Filter>
    </ClInclude>
    <ClInclude Include="include\Poco\Net\PrivateKeyFactory.h">
      <Filter>SSLCore\Header Files</Filter>
    </ClInclude>
    <ClInclude Include="include\Poco\Net\PrivateKeyFactoryMgr.h">
      <Filter>SSLCore\Header Files</Filter>
    </ClInclude>
    <ClInclude Include="include\Poco\Net\PrivateKeyPassphraseHandler.h">
      <Filter>SSLCore\Header Files</Filter>
    </ClInclude>
    <ClInclude Include="include\Poco\Net\RejectCertificateHandler.h">
      <Filter>SSLCore\Header Files</Filter>
    </ClInclude>
    <ClInclude Include="include\Poco\Net\Session.h">
      <Filter>SSLCore\Header Files</Filter>
    </ClInclude>
    <ClInclude Include="include\Poco\Net\SSLException.h">
      <Filter>SSLCore\Header Files</Filter>
    </ClInclude>
    <ClInclude Include="include\Poco\Net\SSLManager.h">
      <Filter>SSLCore\Header Files</Filter>
    </ClInclude>
    <ClInclude Include="include\Poco\Net\Utility.h">
      <Filter>SSLCore\Header Files</Filter>
    </ClInclude>
    <ClInclude Include="include\Poco\Net\VerificationErrorArgs.h">
      <Filter>SSLCore\Header Files</Filter>
    </ClInclude>
    <ClInclude Include="include\Poco\Net\X509Certificate.h">
      <Filter>SSLCore\Header Files</Filter>
    </ClInclude>
    <ClInclude Include="include\Poco\Net\HTTPSClientSession.h">
      <Filter>HTTPSClient\Header Files</Filter>
    </ClInclude>
    <ClInclude Include="include\Poco\Net\HTTPSSessionInstantiator.h">
      <Filter>HTTPSClient\Header Files</Filter>
    </ClInclude>
    <ClInclude Include="include\Poco\Net\HTTPSStreamFactory.h">
      <Filter>HTTPSClient\Header Files</Filter>
    </ClInclude>
    <ClInclude Include="include\Poco\Net\SecureServerSocket.h">
      <Filter>SSLSockets\Header Files</Filter>
    </ClInclude>
    <ClInclude Include="include\Poco\Net\SecureServerSocketImpl.h">
      <Filter>SSLSockets\Header Files</Filter>
    </ClInclude>
    <ClInclude Include="include\Poco\Net\SecureSocketImpl.h">
      <Filter>SSLSockets\Header Files</Filter>
    </ClInclude>
    <ClInclude Include="include\Poco\Net\SecureStreamSocket.h">
      <Filter>SSLSockets\Header Files</Filter>
    </ClInclude>
    <ClInclude Include="include\Poco\Net\SecureStreamSocketImpl.h">
      <Filter>SSLSockets\Header Files</Filter>
    </ClInclude>
    <ClInclude Include="include\Poco\Net\SecureSMTPClientSession.h">
      <Filter>Mail\Header Files</Filter>
    </ClInclude>
  </ItemGroup>
  <ItemGroup>
    <ClCompile Include="src\AcceptCertificateHandler.cpp">
      <Filter>SSLCore\Source Files</Filter>
    </ClCompile>
    <ClCompile Include="src\CertificateHandlerFactory.cpp">
      <Filter>SSLCore\Source Files</Filter>
    </ClCompile>
    <ClCompile Include="src\CertificateHandlerFactoryMgr.cpp">
      <Filter>SSLCore\Source Files</Filter>
    </ClCompile>
    <ClCompile Include="src\ConsoleCertificateHandler.cpp">
      <Filter>SSLCore\Source Files</Filter>
    </ClCompile>
    <ClCompile Include="src\Context.cpp">
      <Filter>SSLCore\Source Files</Filter>
    </ClCompile>
    <ClCompile Include="src\InvalidCertificateHandler.cpp">
      <Filter>SSLCore\Source Files</Filter>
    </ClCompile>
    <ClCompile Include="src\KeyConsoleHandler.cpp">
      <Filter>SSLCore\Source Files</Filter>
    </ClCompile>
    <ClCompile Include="src\KeyFileHandler.cpp">
      <Filter>SSLCore\Source Files</Filter>
    </ClCompile>
    <ClCompile Include="src\PrivateKeyFactory.cpp">
      <Filter>SSLCore\Source Files</Filter>
    </ClCompile>
    <ClCompile Include="src\PrivateKeyFactoryMgr.cpp">
      <Filter>SSLCore\Source Files</Filter>
    </ClCompile>
    <ClCompile Include="src\PrivateKeyPassphraseHandler.cpp">
      <Filter>SSLCore\Source Files</Filter>
    </ClCompile>
    <ClCompile Include="src\RejectCertificateHandler.cpp">
      <Filter>SSLCore\Source Files</Filter>
    </ClCompile>
    <ClCompile Include="src\Session.cpp">
      <Filter>SSLCore\Source Files</Filter>
    </ClCompile>
    <ClCompile Include="src\SSLException.cpp">
      <Filter>SSLCore\Source Files</Filter>
    </ClCompile>
    <ClCompile Include="src\SSLManager.cpp">
      <Filter>SSLCore\Source Files</Filter>
    </ClCompile>
    <ClCompile Include="src\Utility.cpp">
      <Filter>SSLCore\Source Files</Filter>
    </ClCompile>
    <ClCompile Include="src\VerificationErrorArgs.cpp">
      <Filter>SSLCore\Source Files</Filter>
    </ClCompile>
    <ClCompile Include="src\X509Certificate.cpp">
      <Filter>SSLCore\Source Files</Filter>
    </ClCompile>
    <ClCompile Include="src\HTTPSClientSession.cpp">
      <Filter>HTTPSClient\Source Files</Filter>
    </ClCompile>
    <ClCompile Include="src\HTTPSSessionInstantiator.cpp">
      <Filter>HTTPSClient\Source Files</Filter>
    </ClCompile>
    <ClCompile Include="src\HTTPSStreamFactory.cpp">
      <Filter>HTTPSClient\Source Files</Filter>
    </ClCompile>
    <ClCompile Include="src\SecureServerSocket.cpp">
      <Filter>SSLSockets\Source Files</Filter>
    </ClCompile>
    <ClCompile Include="src\SecureServerSocketImpl.cpp">
      <Filter>SSLSockets\Source Files</Filter>
    </ClCompile>
    <ClCompile Include="src\SecureSocketImpl.cpp">
      <Filter>SSLSockets\Source Files</Filter>
    </ClCompile>
    <ClCompile Include="src\SecureStreamSocket.cpp">
      <Filter>SSLSockets\Source Files</Filter>
    </ClCompile>
    <ClCompile Include="src\SecureStreamSocketImpl.cpp">
      <Filter>SSLSockets\Source Files</Filter>
    </ClCompile>
    <ClCompile Include="src\SecureSMTPClientSession.cpp">
      <Filter>Mail\Source Files</Filter>
    </ClCompile>
  </ItemGroup>
  <ItemGroup>
    <ResourceCompile Include="..\DLLVersion.rc" />
  </ItemGroup>
</Project>