<?xml version="1.0" encoding="utf-8"?>
<Project ToolsVersion="4.0" xmlns="http://schemas.microsoft.com/developer/msbuild/2003">
  <ItemGroup>
    <Filter Include="SQLite">
      <UniqueIdentifier>{0f97d9c5-511d-4ad7-a417-277f1f38d433}</UniqueIdentifier>
    </Filter>
    <Filter Include="SQLite\Header Files">
      <UniqueIdentifier>{28c6bf27-daea-4c82-a93e-8bfc510ed367}</UniqueIdentifier>
    </Filter>
    <Filter Include="SQLite\Source Files">
      <UniqueIdentifier>{98acac2a-fc74-41d6-9658-2beb5cccb3fc}</UniqueIdentifier>
    </Filter>
    <Filter Include="3rdparty">
      <UniqueIdentifier>{e689daa1-4175-496f-a5ca-487b96adaa2e}</UniqueIdentifier>
    </Filter>
    <Filter Include="3rdparty\Header Files">
      <UniqueIdentifier>{f0771742-8255-465f-b48b-46534ddb0822}</UniqueIdentifier>
    </Filter>
    <Filter Include="3rdparty\Source Files">
      <UniqueIdentifier>{fbf0afec-95ea-4501-bb4b-2327a2e74670}</UniqueIdentifier>
    </Filter>
  </ItemGroup>
  <ItemGroup>
    <ClInclude Include="include\Poco\Data\SQLite\Binder.h">
      <Filter>SQLite\Header Files</Filter>
    </ClInclude>
    <ClInclude Include="include\Poco\Data\SQLite\Connector.h">
      <Filter>SQLite\Header Files</Filter>
    </ClInclude>
    <ClInclude Include="include\Poco\Data\SQLite\Extractor.h">
      <Filter>SQLite\Header Files</Filter>
    </ClInclude>
    <ClInclude Include="include\Poco\Data\SQLite\Notifier.h">
      <Filter>SQLite\Header Files</Filter>
    </ClInclude>
    <ClInclude Include="include\Poco\Data\SQLite\SessionImpl.h">
      <Filter>SQLite\Header Files</Filter>
    </ClInclude>
    <ClInclude Include="include\Poco\Data\SQLite\SQLite.h">
      <Filter>SQLite\Header Files</Filter>
    </ClInclude>
    <ClInclude Include="include\Poco\Data\SQLite\SQLiteException.h">
      <Filter>SQLite\Header Files</Filter>
    </ClInclude>
    <ClInclude Include="include\Poco\Data\SQLite\SQLiteStatementImpl.h">
      <Filter>SQLite\Header Files</Filter>
    </ClInclude>
    <ClInclude Include="include\Poco\Data\SQLite\Utility.h">
      <Filter>SQLite\Header Files</Filter>
    </ClInclude>
    <ClInclude Include="src\sqlite3.h">
      <Filter>3rdparty\Header Files</Filter>
    </ClInclude>
  </ItemGroup>
  <ItemGroup>
    <ClCompile Include="src\Binder.cpp">
      <Filter>SQLite\Source Files</Filter>
    </ClCompile>
    <ClCompile Include="src\Connector.cpp">
      <Filter>SQLite\Source Files</Filter>
    </ClCompile>
    <ClCompile Include="src\Extractor.cpp">
      <Filter>SQLite\Source Files</Filter>
    </ClCompile>
    <ClCompile Include="src\Notifier.cpp">
      <Filter>SQLite\Source Files</Filter>
    </ClCompile>
    <ClCompile Include="src\SessionImpl.cpp">
      <Filter>SQLite\Source Files</Filter>
    </ClCompile>
    <ClCompile Include="src\SQLiteException.cpp">
      <Filter>SQLite\Source Files</Filter>
    </ClCompile>
    <ClCompile Include="src\SQLiteStatementImpl.cpp">
      <Filter>SQLite\Source Files</Filter>
    </ClCompile>
    <ClCompile Include="src\Utility.cpp">
      <Filter>SQLite\Source Files</Filter>
    </ClCompile>
    <ClCompile Include="src\sqlite3.c">
      <Filter>3rdparty\Source Files</Filter>
    </ClCompile>
  </ItemGroup>
  <ItemGroup>
    <ResourceCompile Include="..\..\DLLVersion.rc" />
  </ItemGroup>
</Project>