<?xml version="1.0" encoding="utf-8"?>
<Project ToolsVersion="4.0" xmlns="http://schemas.microsoft.com/developer/msbuild/2003">
  <ItemGroup>
    <Filter Include="PDFCore">
      <UniqueIdentifier>{9bdc07f0-b1f7-4425-af8c-b632379cf1b3}</UniqueIdentifier>
    </Filter>
    <Filter Include="PDFCore\Header Files">
      <UniqueIdentifier>{776a15bc-a92f-4dc1-af9d-61c36ad5baa1}</UniqueIdentifier>
    </Filter>
    <Filter Include="PDFCore\Source Files">
      <UniqueIdentifier>{39bea03e-f0ae-4283-8722-39bb3bd257c5}</UniqueIdentifier>
    </Filter>
    <Filter Include="_Suite">
      <UniqueIdentifier>{c2802269-ad2e-4826-b03a-ea4a06681936}</UniqueIdentifier>
    </Filter>
    <Filter Include="_Suite\Header Files">
      <UniqueIdentifier>{7402d42e-d2e2-4bab-bedf-dd7cad0e7a6a}</UniqueIdentifier>
    </Filter>
    <Filter Include="_Suite\Source Files">
      <UniqueIdentifier>{63196a2f-c991-4135-afa4-4fd8de47d26c}</UniqueIdentifier>
    </Filter>
    <Filter Include="_Driver">
      <UniqueIdentifier>{40a52a2d-ca8d-46d8-a460-5a0567ee4661}</UniqueIdentifier>
    </Filter>
    <Filter Include="_Driver\Source Files">
      <UniqueIdentifier>{2977c569-3b24-41dd-8620-645c8f4a06f9}</UniqueIdentifier>
    </Filter>
  </ItemGroup>
  <ItemGroup>
    <ClInclude Include="src\PDFTest.h">
      <Filter>PDFCore\Header Files</Filter>
    </ClInclude>
    <ClInclude Include="src\PDFTestSuite.h">
      <Filter>_Suite\Header Files</Filter>
    </ClInclude>
  </ItemGroup>
  <ItemGroup>
    <ClCompile Include="src\PDFTest.cpp">
      <Filter>PDFCore\Source Files</Filter>
    </ClCompile>
    <ClCompile Include="src\PDFTestSuite.cpp">
      <Filter>_Suite\Source Files</Filter>
    </ClCompile>
    <ClCompile Include="src\WinDriver.cpp">
      <Filter>_Driver\Source Files</Filter>
    </ClCompile>
  </ItemGroup>
</Project>