<?xml version="1.0" encoding="utf-8"?>
<Project ToolsVersion="4.0" xmlns="http://schemas.microsoft.com/developer/msbuild/2003">
  <ItemGroup>
    <Filter Include="PDFCore">
      <UniqueIdentifier>{3805f8f0-37aa-4803-9f91-7b5776aa3429}</UniqueIdentifier>
    </Filter>
    <Filter Include="PDFCore\Header Files">
      <UniqueIdentifier>{ded2f8a1-27e9-4889-9658-64f39be10219}</UniqueIdentifier>
    </Filter>
    <Filter Include="PDFCore\Source Files">
      <UniqueIdentifier>{eac24d6d-22de-4b41-92b6-c47b65bb0ff5}</UniqueIdentifier>
    </Filter>
    <Filter Include="_Suite">
      <UniqueIdentifier>{1432e3cd-2171-4fe9-92da-dc64ba584e8e}</UniqueIdentifier>
    </Filter>
    <Filter Include="_Suite\Header Files">
      <UniqueIdentifier>{952d9617-5745-4fbc-b5ab-8eecdcdbd6a9}</UniqueIdentifier>
    </Filter>
    <Filter Include="_Suite\Source Files">
      <UniqueIdentifier>{fb3b8980-ca34-4739-a3a0-2aa6c57ffd6c}</UniqueIdentifier>
    </Filter>
    <Filter Include="_Driver">
      <UniqueIdentifier>{60bdbd91-a2f1-4382-835b-c71f914177dd}</UniqueIdentifier>
    </Filter>
    <Filter Include="_Driver\Source Files">
      <UniqueIdentifier>{43158c85-5e3f-4de1-bd70-197a140edfd3}</UniqueIdentifier>
    </Filter>
  </ItemGroup>
  <ItemGroup>
    <ClInclude Include="src\PDFTest.h">
      <Filter>PDFCore\Header Files</Filter>
    </ClInclude>
    <ClInclude Include="src\PDFTestSuite.h">
      <Filter>_Suite\Header Files</Filter>
    </ClInclude>
  </ItemGroup>
  <ItemGroup>
    <ClCompile Include="src\PDFTest.cpp">
      <Filter>PDFCore\Source Files</Filter>
    </ClCompile>
    <ClCompile Include="src\PDFTestSuite.cpp">
      <Filter>_Suite\Source Files</Filter>
    </ClCompile>
    <ClCompile Include="src\Driver.cpp">
      <Filter>_Driver\Source Files</Filter>
    </ClCompile>
  </ItemGroup>
</Project>