<?xml version="1.0" encoding="utf-8"?>
<Project ToolsVersion="4.0" xmlns="http://schemas.microsoft.com/developer/msbuild/2003">
  <ItemGroup>
    <Filter Include="XML">
      <UniqueIdentifier>{7177f691-34cf-4ca3-a2be-29fd8fa3a7f6}</UniqueIdentifier>
    </Filter>
    <Filter Include="XML\Header Files">
      <UniqueIdentifier>{2241c1e6-310f-4467-8842-3f595ee16ca4}</UniqueIdentifier>
    </Filter>
    <Filter Include="XML\Source Files">
      <UniqueIdentifier>{8fb3fb9a-ebe1-4b45-b419-9608613defc9}</UniqueIdentifier>
    </Filter>
    <Filter Include="SAX">
      <UniqueIdentifier>{91446034-2101-479a-914c-5f262949fd41}</UniqueIdentifier>
    </Filter>
    <Filter Include="SAX\Header Files">
      <UniqueIdentifier>{fc8a1aa9-7b4f-4157-a1e6-272a862494ee}</UniqueIdentifier>
    </Filter>
    <Filter Include="SAX\Source Files">
      <UniqueIdentifier>{79166f97-ce90-43d7-88b4-8d98fc35b112}</UniqueIdentifier>
    </Filter>
    <Filter Include="DOM">
      <UniqueIdentifier>{bbf4df39-e7e8-4cb9-ad40-b4f34002e415}</UniqueIdentifier>
    </Filter>
    <Filter Include="DOM\Header Files">
      <UniqueIdentifier>{7d68faba-2358-488d-87f2-17a6e0d161bf}</UniqueIdentifier>
    </Filter>
    <Filter Include="DOM\Source Files">
      <UniqueIdentifier>{b679fbe2-d088-476f-b122-1a16120f7a0b}</UniqueIdentifier>
    </Filter>
    <Filter Include="_Suite">
      <UniqueIdentifier>{9fc2478a-304a-4295-95e1-cfaf36cfb184}</UniqueIdentifier>
    </Filter>
    <Filter Include="_Suite\Header Files">
      <UniqueIdentifier>{a163677b-b142-4864-a22a-b2bc9c670266}</UniqueIdentifier>
    </Filter>
    <Filter Include="_Suite\Source Files">
      <UniqueIdentifier>{ab05b85f-13ec-4d0c-8de9-02c41fb9d9d1}</UniqueIdentifier>
    </Filter>
    <Filter Include="_Driver">
      <UniqueIdentifier>{656be10c-5a7f-486b-a307-cfb24e2cdfff}</UniqueIdentifier>
    </Filter>
    <Filter Include="_Driver\Source Files">
      <UniqueIdentifier>{5c7f23c3-9b86-402b-8462-f3feb7276ad1}</UniqueIdentifier>
    </Filter>
  </ItemGroup>
  <ItemGroup>
    <ClInclude Include="src\NamePoolTest.h">
      <Filter>XML\Header Files</Filter>
    </ClInclude>
    <ClInclude Include="src\NameTest.h">
      <Filter>XML\Header Files</Filter>
    </ClInclude>
    <ClInclude Include="src\XMLStreamParserTest.h">
      <Filter>XML\Header Files</Filter>
    </ClInclude>
    <ClInclude Include="src\XMLWriterTest.h">
      <Filter>XML\Header Files</Filter>
    </ClInclude>
    <ClInclude Include="src\AttributesImplTest.h">
      <Filter>SAX\Header Files</Filter>
    </ClInclude>
    <ClInclude Include="src\NamespaceSupportTest.h">
      <Filter>SAX\Header Files</Filter>
    </ClInclude>
    <ClInclude Include="src\SAXParserTest.h">
      <Filter>SAX\Header Files</Filter>
    </ClInclude>
    <ClInclude Include="src\SAXTestSuite.h">
      <Filter>SAX\Header Files</Filter>
    </ClInclude>
    <ClInclude Include="src\ChildNodesTest.h">
      <Filter>DOM\Header Files</Filter>
    </ClInclude>
    <ClInclude Include="src\DocumentTest.h">
      <Filter>DOM\Header Files</Filter>
    </ClInclude>
    <ClInclude Include="src\DocumentTypeTest.h">
      <Filter>DOM\Header Files</Filter>
    </ClInclude>
    <ClInclude Include="src\DOMTestSuite.h">
      <Filter>DOM\Header Files</Filter>
    </ClInclude>
    <ClInclude Include="src\ElementTest.h">
      <Filter>DOM\Header Files</Filter>
    </ClInclude>
    <ClInclude Include="src\EventTest.h">
      <Filter>DOM\Header Files</Filter>
    </ClInclude>
    <ClInclude Include="src\NodeAppenderTest.h">
      <Filter>DOM\Header Files</Filter>
    </ClInclude>
    <ClInclude Include="src\NodeIteratorTest.h">
      <Filter>DOM\Header Files</Filter>
    </ClInclude>
    <ClInclude Include="src\NodeTest.h">
      <Filter>DOM\Header Files</Filter>
    </ClInclude>
    <ClInclude Include="src\ParserWriterTest.h">
      <Filter>DOM\Header Files</Filter>
    </ClInclude>
    <ClInclude Include="src\TextTest.h">
      <Filter>DOM\Header Files</Filter>
    </ClInclude>
    <ClInclude Include="src\TreeWalkerTest.h">
      <Filter>DOM\Header Files</Filter>
    </ClInclude>
    <ClInclude Include="src\XMLTestSuite.h">
      <Filter>_Suite\Header Files</Filter>
    </ClInclude>
  </ItemGroup>
  <ItemGroup>
    <ClCompile Include="src\NamePoolTest.cpp">
      <Filter>XML\Source Files</Filter>
    </ClCompile>
    <ClCompile Include="src\NameTest.cpp">
      <Filter>XML\Source Files</Filter>
    </ClCompile>
    <ClCompile Include="src\XMLStreamParserTest.cpp">
      <Filter>XML\Source Files</Filter>
    </ClCompile>
    <ClCompile Include="src\XMLWriterTest.cpp">
      <Filter>XML\Source Files</Filter>
    </ClCompile>
    <ClCompile Include="src\AttributesImplTest.cpp">
      <Filter>SAX\Source Files</Filter>
    </ClCompile>
    <ClCompile Include="src\NamespaceSupportTest.cpp">
      <Filter>SAX\Source Files</Filter>
    </ClCompile>
    <ClCompile Include="src\SAXParserTest.cpp">
      <Filter>SAX\Source Files</Filter>
    </ClCompile>
    <ClCompile Include="src\SAXTestSuite.cpp">
      <Filter>SAX\Source Files</Filter>
    </ClCompile>
    <ClCompile Include="src\ChildNodesTest.cpp">
      <Filter>DOM\Source Files</Filter>
    </ClCompile>
    <ClCompile Include="src\DocumentTest.cpp">
      <Filter>DOM\Source Files</Filter>
    </ClCompile>
    <ClCompile Include="src\DocumentTypeTest.cpp">
      <Filter>DOM\Source Files</Filter>
    </ClCompile>
    <ClCompile Include="src\DOMTestSuite.cpp">
      <Filter>DOM\Source Files</Filter>
    </ClCompile>
    <ClCompile Include="src\ElementTest.cpp">
      <Filter>DOM\Source Files</Filter>
    </ClCompile>
    <ClCompile Include="src\EventTest.cpp">
      <Filter>DOM\Source Files</Filter>
    </ClCompile>
    <ClCompile Include="src\NodeAppenderTest.cpp">
      <Filter>DOM\Source Files</Filter>
    </ClCompile>
    <ClCompile Include="src\NodeIteratorTest.cpp">
      <Filter>DOM\Source Files</Filter>
    </ClCompile>
    <ClCompile Include="src\NodeTest.cpp">
      <Filter>DOM\Source Files</Filter>
    </ClCompile>
    <ClCompile Include="src\ParserWriterTest.cpp">
      <Filter>DOM\Source Files</Filter>
    </ClCompile>
    <ClCompile Include="src\TextTest.cpp">
      <Filter>DOM\Source Files</Filter>
    </ClCompile>
    <ClCompile Include="src\TreeWalkerTest.cpp">
      <Filter>DOM\Source Files</Filter>
    </ClCompile>
    <ClCompile Include="src\XMLTestSuite.cpp">
      <Filter>_Suite\Source Files</Filter>
    </ClCompile>
    <ClCompile Include="src\Driver.cpp">
      <Filter>_Driver\Source Files</Filter>
    </ClCompile>
  </ItemGroup>
</Project>