<?xml version="1.0" encoding="utf-8"?>
<Project ToolsVersion="4.0" xmlns="http://schemas.microsoft.com/developer/msbuild/2003">
  <ItemGroup>
    <Filter Include="Zip">
      <UniqueIdentifier>{a3bd6b21-98d0-4c9b-8a47-d0930721eafb}</UniqueIdentifier>
    </Filter>
    <Filter Include="Zip\Header Files">
      <UniqueIdentifier>{55cd137d-0a26-4f73-86c6-ab4edf925ccd}</UniqueIdentifier>
    </Filter>
    <Filter Include="Zip\Source Files">
      <UniqueIdentifier>{d808404f-6a4c-4b74-878f-241adc1857f2}</UniqueIdentifier>
    </Filter>
    <Filter Include="_Suite">
      <UniqueIdentifier>{ef235db5-e5ba-42f8-ad4e-597e65306f9b}</UniqueIdentifier>
    </Filter>
    <Filter Include="_Suite\Header Files">
      <UniqueIdentifier>{b069fa4e-e1fd-407a-899d-8e3f9ca6cc8d}</UniqueIdentifier>
    </Filter>
    <Filter Include="_Suite\Source Files">
      <UniqueIdentifier>{7bb4332f-49f5-4f75-b8bf-f5dc2f398fd4}</UniqueIdentifier>
    </Filter>
    <Filter Include="_Driver">
      <UniqueIdentifier>{0a3edf65-e477-450b-b2b1-f16171d1d29a}</UniqueIdentifier>
    </Filter>
    <Filter Include="_Driver\Source Files">
      <UniqueIdentifier>{82eda073-3f2b-4156-84ae-92c71e2234c4}</UniqueIdentifier>
    </Filter>
  </ItemGroup>
  <ItemGroup>
    <ClInclude Include="src\CompressTest.h">
      <Filter>Zip\Header Files</Filter>
    </ClInclude>
    <ClInclude Include="src\PartialStreamTest.h">
      <Filter>Zip\Header Files</Filter>
    </ClInclude>
    <ClInclude Include="src\ZipTest.h">
      <Filter>Zip\Header Files</Filter>
    </ClInclude>
    <ClInclude Include="src\ZipTestSuite.h">
      <Filter>_Suite\Header Files</Filter>
    </ClInclude>
  </ItemGroup>
  <ItemGroup>
    <ClCompile Include="src\CompressTest.cpp">
      <Filter>Zip\Source Files</Filter>
    </ClCompile>
    <ClCompile Include="src\PartialStreamTest.cpp">
      <Filter>Zip\Source Files</Filter>
    </ClCompile>
    <ClCompile Include="src\ZipTest.cpp">
      <Filter>Zip\Source Files</Filter>
    </ClCompile>
    <ClCompile Include="src\ZipTestSuite.cpp">
      <Filter>_Suite\Source Files</Filter>
    </ClCompile>
    <ClCompile Include="src\Driver.cpp">
      <Filter>_Driver\Source Files</Filter>
    </ClCompile>
  </ItemGroup>
</Project>