<?xml version="1.0" encoding="utf-8"?>
<Project ToolsVersion="4.0" xmlns="http://schemas.microsoft.com/developer/msbuild/2003">
  <ItemGroup>
    <Filter Include="ODBC">
      <UniqueIdentifier>{dfe2a695-a99f-4d3f-b727-34da88410bf1}</UniqueIdentifier>
    </Filter>
    <Filter Include="ODBC\Header Files">
      <UniqueIdentifier>{3dceed7f-582f-4da3-9959-ab21c66a0a28}</UniqueIdentifier>
    </Filter>
    <Filter Include="ODBC\Source Files">
      <UniqueIdentifier>{fb17d90b-5b73-42c0-b715-8531f4278d30}</UniqueIdentifier>
    </Filter>
    <Filter Include="_Suite">
      <UniqueIdentifier>{107e80b6-2529-402d-8044-17cb6ce558e6}</UniqueIdentifier>
    </Filter>
    <Filter Include="_Suite\Header Files">
      <UniqueIdentifier>{54de5d80-0802-420d-bd9b-99a144922ad6}</UniqueIdentifier>
    </Filter>
    <Filter Include="_Suite\Source Files">
      <UniqueIdentifier>{889a7a33-7f36-4dce-aae6-b1fe93ad833b}</UniqueIdentifier>
    </Filter>
    <Filter Include="_Driver">
      <UniqueIdentifier>{cbd40839-ff26-4fe0-a20c-30d86b5301de}</UniqueIdentifier>
    </Filter>
    <Filter Include="_Driver\Source Files">
      <UniqueIdentifier>{1822d2ed-943c-4349-a262-3b2df724382a}</UniqueIdentifier>
    </Filter>
  </ItemGroup>
  <ItemGroup>
    <ClInclude Include="src\ODBCAccessTest.h">
      <Filter>ODBC\Header Files</Filter>
    </ClInclude>
    <ClInclude Include="src\ODBCDB2Test.h">
      <Filter>ODBC\Header Files</Filter>
    </ClInclude>
    <ClInclude Include="src\ODBCMySQLTest.h">
      <Filter>ODBC\Header Files</Filter>
    </ClInclude>
    <ClInclude Include="src\ODBCOracleTest.h">
      <Filter>ODBC\Header Files</Filter>
    </ClInclude>
    <ClInclude Include="src\ODBCPostgreSQLTest.h">
      <Filter>ODBC\Header Files</Filter>
    </ClInclude>
    <ClInclude Include="src\ODBCSQLiteTest.h">
      <Filter>ODBC\Header Files</Filter>
    </ClInclude>
    <ClInclude Include="src\ODBCSQLServerTest.h">
      <Filter>ODBC\Header Files</Filter>
    </ClInclude>
    <ClInclude Include="src\ODBCTest.h">
      <Filter>ODBC\Header Files</Filter>
    </ClInclude>
    <ClInclude Include="src\SQLExecutor.h">
      <Filter>ODBC\Header Files</Filter>
    </ClInclude>
    <ClInclude Include="src\ODBCTestSuite.h">
      <Filter>_Suite\Header Files</Filter>
    </ClInclude>
  </ItemGroup>
  <ItemGroup>
    <ClCompile Include="src\ODBCAccessTest.cpp">
      <Filter>ODBC\Source Files</Filter>
    </ClCompile>
    <ClCompile Include="src\ODBCDB2Test.cpp">
      <Filter>ODBC\Source Files</Filter>
    </ClCompile>
    <ClCompile Include="src\ODBCMySQLTest.cpp">
      <Filter>ODBC\Source Files</Filter>
    </ClCompile>
    <ClCompile Include="src\ODBCOracleTest.cpp">
      <Filter>ODBC\Source Files</Filter>
    </ClCompile>
    <ClCompile Include="src\ODBCPostgreSQLTest.cpp">
      <Filter>ODBC\Source Files</Filter>
    </ClCompile>
    <ClCompile Include="src\ODBCSQLiteTest.cpp">
      <Filter>ODBC\Source Files</Filter>
    </ClCompile>
    <ClCompile Include="src\ODBCSQLServerTest.cpp">
      <Filter>ODBC\Source Files</Filter>
    </ClCompile>
    <ClCompile Include="src\ODBCTest.cpp">
      <Filter>ODBC\Source Files</Filter>
    </ClCompile>
    <ClCompile Include="src\SQLExecutor.cpp">
      <Filter>ODBC\Source Files</Filter>
    </ClCompile>
    <ClCompile Include="src\ODBCTestSuite.cpp">
      <Filter>_Suite\Source Files</Filter>
    </ClCompile>
    <ClCompile Include="src\Driver.cpp">
      <Filter>_Driver\Source Files</Filter>
    </ClCompile>
  </ItemGroup>
</Project>