<?xml version="1.0" encoding="utf-8"?>
<Project ToolsVersion="4.0" xmlns="http://schemas.microsoft.com/developer/msbuild/2003">
  <ItemGroup>
    <Filter Include="App">
      <UniqueIdentifier>{3212334a-241f-47aa-8f98-e7a327066448}</UniqueIdentifier>
    </Filter>
    <Filter Include="App\Header Files">
      <UniqueIdentifier>{b3d6dc29-3fe1-4f7f-a5fb-4e1612d5a7af}</UniqueIdentifier>
    </Filter>
    <Filter Include="App\Source Files">
      <UniqueIdentifier>{1ff7bb56-51f6-4ba7-91dd-fb2832f2c725}</UniqueIdentifier>
    </Filter>
    <Filter Include="DocWriter">
      <UniqueIdentifier>{d5f6de71-c0fc-4ee2-a6ac-3bd10f795a8f}</UniqueIdentifier>
    </Filter>
    <Filter Include="DocWriter\Header Files">
      <UniqueIdentifier>{de1af46b-c71e-4a73-9779-19c13e36beef}</UniqueIdentifier>
    </Filter>
    <Filter Include="DocWriter\Source Files">
      <UniqueIdentifier>{cf907247-a214-4b39-8b8c-5f484136cc15}</UniqueIdentifier>
    </Filter>
  </ItemGroup>
  <ItemGroup>
    <ClCompile Include="src\PocoDoc.cpp">
      <Filter>App\Source Files</Filter>
    </ClCompile>
    <ClCompile Include="src\DocWriter.cpp">
      <Filter>DocWriter\Source Files</Filter>
    </ClCompile>
  </ItemGroup>
  <ItemGroup>
    <ClInclude Include="src\DocWriter.h">
      <Filter>DocWriter\Header Files</Filter>
    </ClInclude>
  </ItemGroup>
</Project>