<?xml version="1.0" encoding="utf-8"?>
<Project ToolsVersion="4.0" xmlns="http://schemas.microsoft.com/developer/msbuild/2003">
  <ItemGroup>
    <Filter Include="App">
      <UniqueIdentifier>{f8d1b041-ee16-44b4-8623-6f99733767de}</UniqueIdentifier>
    </Filter>
    <Filter Include="App\Header Files">
      <UniqueIdentifier>{915b4a0e-4254-480c-955b-4bd88838faef}</UniqueIdentifier>
    </Filter>
    <Filter Include="App\Source Files">
      <UniqueIdentifier>{877e1719-2654-4612-a0a9-fafd264df6d8}</UniqueIdentifier>
    </Filter>
    <Filter Include="DocWriter">
      <UniqueIdentifier>{be527041-124d-4d71-9ee4-9951e720ce9e}</UniqueIdentifier>
    </Filter>
    <Filter Include="DocWriter\Header Files">
      <UniqueIdentifier>{86f77d2b-6236-42c0-a143-59836d37fece}</UniqueIdentifier>
    </Filter>
    <Filter Include="DocWriter\Source Files">
      <UniqueIdentifier>{872627de-3700-4a81-ad1b-7a55ae7ddf60}</UniqueIdentifier>
    </Filter>
  </ItemGroup>
  <ItemGroup>
    <ClCompile Include="src\PocoDoc.cpp">
      <Filter>App\Source Files</Filter>
    </ClCompile>
    <ClCompile Include="src\DocWriter.cpp">
      <Filter>DocWriter\Source Files</Filter>
    </ClCompile>
  </ItemGroup>
  <ItemGroup>
    <ClInclude Include="src\DocWriter.h">
      <Filter>DocWriter\Header Files</Filter>
    </ClInclude>
  </ItemGroup>
</Project>