<?xml version="1.0" encoding="utf-8"?>
<Project ToolsVersion="4.0" xmlns="http://schemas.microsoft.com/developer/msbuild/2003">
  <ItemGroup>
    <Filter Include="App">
      <UniqueIdentifier>{b89a6faf-4e1b-4253-a0d4-0b470db08547}</UniqueIdentifier>
    </Filter>
    <Filter Include="App\Header Files">
      <UniqueIdentifier>{2e9f5afd-8122-460d-b070-47f3847e8b1a}</UniqueIdentifier>
    </Filter>
    <Filter Include="App\Source Files">
      <UniqueIdentifier>{2a697456-7e57-4c1d-b1f0-423518eba91d}</UniqueIdentifier>
    </Filter>
    <Filter Include="DocWriter">
      <UniqueIdentifier>{959c88a4-9865-49f4-89b4-bacff9689961}</UniqueIdentifier>
    </Filter>
    <Filter Include="DocWriter\Header Files">
      <UniqueIdentifier>{0ac9aab0-45d5-44f4-86e0-d58942ce1237}</UniqueIdentifier>
    </Filter>
    <Filter Include="DocWriter\Source Files">
      <UniqueIdentifier>{646370ce-8193-4d92-8a85-ed66b40bcd91}</UniqueIdentifier>
    </Filter>
  </ItemGroup>
  <ItemGroup>
    <ClCompile Include="src\PocoDoc.cpp">
      <Filter>App\Source Files</Filter>
    </ClCompile>
    <ClCompile Include="src\DocWriter.cpp">
      <Filter>DocWriter\Source Files</Filter>
    </ClCompile>
  </ItemGroup>
  <ItemGroup>
    <ClInclude Include="src\DocWriter.h">
      <Filter>DocWriter\Header Files</Filter>
    </ClInclude>
  </ItemGroup>
</Project>